// !$*UTF8*$!
{
	archiveVersion = 1;
	classes = {
	};
	objectVersion = 52;
	objects = {

/* Begin PBXBuildFile section */
		F94D0BCB260B120B00BA2C77 /* AppDelegate.swift in Sources */ = {isa = PBXBuildFile; fileRef = F94D0BCA260B120B00BA2C77 /* AppDelegate.swift */; };
		F94D0BD4260B120B00BA2C77 /* Assets.xcassets in Resources */ = {isa = PBXBuildFile; fileRef = F94D0BD3260B120B00BA2C77 /* Assets.xcassets */; };
		F94D0BD7260B120B00BA2C77 /* LaunchScreen.storyboard in Resources */ = {isa = PBXBuildFile; fileRef = F94D0BD5260B120B00BA2C77 /* LaunchScreen.storyboard */; };
		F94D0BE2260B120C00BA2C77 /* UnsplashrimpTests.swift in Sources */ = {isa = PBXBuildFile; fileRef = F94D0BE1260B120C00BA2C77 /* UnsplashrimpTests.swift */; };
		F94D0BED260B120C00BA2C77 /* UnsplashrimpUITests.swift in Sources */ = {isa = PBXBuildFile; fileRef = F94D0BEC260B120C00BA2C77 /* UnsplashrimpUITests.swift */; };
		F94D0C20260B12ED00BA2C77 /* RIBs in Frameworks */ = {isa = PBXBuildFile; productRef = F94D0C1F260B12ED00BA2C77 /* RIBs */; };
		F94D0C26260B12FD00BA2C77 /* Then in Frameworks */ = {isa = PBXBuildFile; productRef = F94D0C25260B12FD00BA2C77 /* Then */; };
		F94D0C2C260B131500BA2C77 /* RxSwift in Frameworks */ = {isa = PBXBuildFile; productRef = F94D0C2B260B131500BA2C77 /* RxSwift */; };
		F94D0C2E260B131500BA2C77 /* RxCocoa in Frameworks */ = {isa = PBXBuildFile; productRef = F94D0C2D260B131500BA2C77 /* RxCocoa */; };
		F94D0C30260B131500BA2C77 /* RxRelay in Frameworks */ = {isa = PBXBuildFile; productRef = F94D0C2F260B131500BA2C77 /* RxRelay */; };
		F94D0C36260B132C00BA2C77 /* Moya in Frameworks */ = {isa = PBXBuildFile; productRef = F94D0C35260B132C00BA2C77 /* Moya */; };
		F94D0C38260B132C00BA2C77 /* ReactiveMoya in Frameworks */ = {isa = PBXBuildFile; productRef = F94D0C37260B132C00BA2C77 /* ReactiveMoya */; };
		F94D0C3A260B132C00BA2C77 /* RxMoya in Frameworks */ = {isa = PBXBuildFile; productRef = F94D0C39260B132C00BA2C77 /* RxMoya */; };
		F94D0C40260B134500BA2C77 /* SnapKit in Frameworks */ = {isa = PBXBuildFile; productRef = F94D0C3F260B134500BA2C77 /* SnapKit */; };
		F94D0C45260B135400BA2C77 /* NSObject+Rx.swift in Sources */ = {isa = PBXBuildFile; fileRef = F94D0C44260B135400BA2C77 /* NSObject+Rx.swift */; };
		F94D0C4B260B136B00BA2C77 /* Logger.swift in Sources */ = {isa = PBXBuildFile; fileRef = F94D0C4A260B136B00BA2C77 /* Logger.swift */; };
		F94D0C6F260B14FD00BA2C77 /* SplashPresentableState.swift in Sources */ = {isa = PBXBuildFile; fileRef = F94D0C6A260B14FD00BA2C77 /* SplashPresentableState.swift */; };
		F94D0C70260B14FD00BA2C77 /* SplashRouter.swift in Sources */ = {isa = PBXBuildFile; fileRef = F94D0C6B260B14FD00BA2C77 /* SplashRouter.swift */; };
		F94D0C71260B14FD00BA2C77 /* SplashViewController.swift in Sources */ = {isa = PBXBuildFile; fileRef = F94D0C6C260B14FD00BA2C77 /* SplashViewController.swift */; };
		F94D0C72260B14FD00BA2C77 /* SplashBuilder.swift in Sources */ = {isa = PBXBuildFile; fileRef = F94D0C6D260B14FD00BA2C77 /* SplashBuilder.swift */; };
		F94D0C73260B14FD00BA2C77 /* SplashInteractor.swift in Sources */ = {isa = PBXBuildFile; fileRef = F94D0C6E260B14FD00BA2C77 /* SplashInteractor.swift */; };
		F94D0C7C260B150700BA2C77 /* MainPresentableState.swift in Sources */ = {isa = PBXBuildFile; fileRef = F94D0C77260B150700BA2C77 /* MainPresentableState.swift */; };
		F94D0C7D260B150700BA2C77 /* MainRouter.swift in Sources */ = {isa = PBXBuildFile; fileRef = F94D0C78260B150700BA2C77 /* MainRouter.swift */; };
		F94D0C7E260B150700BA2C77 /* MainViewController.swift in Sources */ = {isa = PBXBuildFile; fileRef = F94D0C79260B150700BA2C77 /* MainViewController.swift */; };
		F94D0C7F260B150700BA2C77 /* MainBuilder.swift in Sources */ = {isa = PBXBuildFile; fileRef = F94D0C7A260B150700BA2C77 /* MainBuilder.swift */; };
		F94D0C80260B150700BA2C77 /* MainInteractor.swift in Sources */ = {isa = PBXBuildFile; fileRef = F94D0C7B260B150700BA2C77 /* MainInteractor.swift */; };
		F94D0C89260B150F00BA2C77 /* ExplorePresentableState.swift in Sources */ = {isa = PBXBuildFile; fileRef = F94D0C84260B150F00BA2C77 /* ExplorePresentableState.swift */; };
		F94D0C8A260B150F00BA2C77 /* ExploreRouter.swift in Sources */ = {isa = PBXBuildFile; fileRef = F94D0C85260B150F00BA2C77 /* ExploreRouter.swift */; };
		F94D0C8B260B150F00BA2C77 /* ExploreViewController.swift in Sources */ = {isa = PBXBuildFile; fileRef = F94D0C86260B150F00BA2C77 /* ExploreViewController.swift */; };
		F94D0C8C260B150F00BA2C77 /* ExploreBuilder.swift in Sources */ = {isa = PBXBuildFile; fileRef = F94D0C87260B150F00BA2C77 /* ExploreBuilder.swift */; };
		F94D0C8D260B150F00BA2C77 /* ExploreInteractor.swift in Sources */ = {isa = PBXBuildFile; fileRef = F94D0C88260B150F00BA2C77 /* ExploreInteractor.swift */; };
		F94D0C96260B151600BA2C77 /* SearchPresentableState.swift in Sources */ = {isa = PBXBuildFile; fileRef = F94D0C91260B151600BA2C77 /* SearchPresentableState.swift */; };
		F94D0C97260B151600BA2C77 /* SearchRouter.swift in Sources */ = {isa = PBXBuildFile; fileRef = F94D0C92260B151600BA2C77 /* SearchRouter.swift */; };
		F94D0C98260B151600BA2C77 /* SearchViewController.swift in Sources */ = {isa = PBXBuildFile; fileRef = F94D0C93260B151600BA2C77 /* SearchViewController.swift */; };
		F94D0C99260B151600BA2C77 /* SearchBuilder.swift in Sources */ = {isa = PBXBuildFile; fileRef = F94D0C94260B151600BA2C77 /* SearchBuilder.swift */; };
		F94D0C9A260B151600BA2C77 /* SearchInteractor.swift in Sources */ = {isa = PBXBuildFile; fileRef = F94D0C95260B151600BA2C77 /* SearchInteractor.swift */; };
		F94D0CA0260B157500BA2C77 /* ReactorKit in Frameworks */ = {isa = PBXBuildFile; productRef = F94D0C9F260B157500BA2C77 /* ReactorKit */; };
/* End PBXBuildFile section */

/* Begin PBXContainerItemProxy section */
		F94D0BDE260B120C00BA2C77 /* PBXContainerItemProxy */ = {
			isa = PBXContainerItemProxy;
			containerPortal = F94D0BBF260B120B00BA2C77 /* Project object */;
			proxyType = 1;
			remoteGlobalIDString = F94D0BC6260B120B00BA2C77;
			remoteInfo = Unsplashrimp;
		};
		F94D0BE9260B120C00BA2C77 /* PBXContainerItemProxy */ = {
			isa = PBXContainerItemProxy;
			containerPortal = F94D0BBF260B120B00BA2C77 /* Project object */;
			proxyType = 1;
			remoteGlobalIDString = F94D0BC6260B120B00BA2C77;
			remoteInfo = Unsplashrimp;
		};
/* End PBXContainerItemProxy section */

/* Begin PBXFileReference section */
		F94D0BC7260B120B00BA2C77 /* Unsplashrimp.app */ = {isa = PBXFileReference; explicitFileType = wrapper.application; includeInIndex = 0; path = Unsplashrimp.app; sourceTree = BUILT_PRODUCTS_DIR; };
		F94D0BCA260B120B00BA2C77 /* AppDelegate.swift */ = {isa = PBXFileReference; lastKnownFileType = sourcecode.swift; path = AppDelegate.swift; sourceTree = "<group>"; };
		F94D0BD3260B120B00BA2C77 /* Assets.xcassets */ = {isa = PBXFileReference; lastKnownFileType = folder.assetcatalog; path = Assets.xcassets; sourceTree = "<group>"; };
		F94D0BD6260B120B00BA2C77 /* Base */ = {isa = PBXFileReference; lastKnownFileType = file.storyboard; name = Base; path = Base.lproj/LaunchScreen.storyboard; sourceTree = "<group>"; };
		F94D0BD8260B120B00BA2C77 /* Info.plist */ = {isa = PBXFileReference; lastKnownFileType = text.plist.xml; path = Info.plist; sourceTree = "<group>"; };
		F94D0BDD260B120C00BA2C77 /* UnsplashrimpTests.xctest */ = {isa = PBXFileReference; explicitFileType = wrapper.cfbundle; includeInIndex = 0; path = UnsplashrimpTests.xctest; sourceTree = BUILT_PRODUCTS_DIR; };
		F94D0BE1260B120C00BA2C77 /* UnsplashrimpTests.swift */ = {isa = PBXFileReference; lastKnownFileType = sourcecode.swift; path = UnsplashrimpTests.swift; sourceTree = "<group>"; };
		F94D0BE3260B120C00BA2C77 /* Info.plist */ = {isa = PBXFileReference; lastKnownFileType = text.plist.xml; path = Info.plist; sourceTree = "<group>"; };
		F94D0BE8260B120C00BA2C77 /* UnsplashrimpUITests.xctest */ = {isa = PBXFileReference; explicitFileType = wrapper.cfbundle; includeInIndex = 0; path = UnsplashrimpUITests.xctest; sourceTree = BUILT_PRODUCTS_DIR; };
		F94D0BEC260B120C00BA2C77 /* UnsplashrimpUITests.swift */ = {isa = PBXFileReference; lastKnownFileType = sourcecode.swift; path = UnsplashrimpUITests.swift; sourceTree = "<group>"; };
		F94D0BEE260B120C00BA2C77 /* Info.plist */ = {isa = PBXFileReference; lastKnownFileType = text.plist.xml; path = Info.plist; sourceTree = "<group>"; };
		F94D0C44260B135400BA2C77 /* NSObject+Rx.swift */ = {isa = PBXFileReference; lastKnownFileType = sourcecode.swift; path = "NSObject+Rx.swift"; sourceTree = "<group>"; };
		F94D0C4A260B136B00BA2C77 /* Logger.swift */ = {isa = PBXFileReference; lastKnownFileType = sourcecode.swift; path = Logger.swift; sourceTree = "<group>"; };
		F94D0C6A260B14FD00BA2C77 /* SplashPresentableState.swift */ = {isa = PBXFileReference; lastKnownFileType = sourcecode.swift; path = SplashPresentableState.swift; sourceTree = "<group>"; };
		F94D0C6B260B14FD00BA2C77 /* SplashRouter.swift */ = {isa = PBXFileReference; lastKnownFileType = sourcecode.swift; path = SplashRouter.swift; sourceTree = "<group>"; };
		F94D0C6C260B14FD00BA2C77 /* SplashViewController.swift */ = {isa = PBXFileReference; lastKnownFileType = sourcecode.swift; path = SplashViewController.swift; sourceTree = "<group>"; };
		F94D0C6D260B14FD00BA2C77 /* SplashBuilder.swift */ = {isa = PBXFileReference; lastKnownFileType = sourcecode.swift; path = SplashBuilder.swift; sourceTree = "<group>"; };
		F94D0C6E260B14FD00BA2C77 /* SplashInteractor.swift */ = {isa = PBXFileReference; lastKnownFileType = sourcecode.swift; path = SplashInteractor.swift; sourceTree = "<group>"; };
		F94D0C77260B150700BA2C77 /* MainPresentableState.swift */ = {isa = PBXFileReference; lastKnownFileType = sourcecode.swift; path = MainPresentableState.swift; sourceTree = "<group>"; };
		F94D0C78260B150700BA2C77 /* MainRouter.swift */ = {isa = PBXFileReference; lastKnownFileType = sourcecode.swift; path = MainRouter.swift; sourceTree = "<group>"; };
		F94D0C79260B150700BA2C77 /* MainViewController.swift */ = {isa = PBXFileReference; lastKnownFileType = sourcecode.swift; path = MainViewController.swift; sourceTree = "<group>"; };
		F94D0C7A260B150700BA2C77 /* MainBuilder.swift */ = {isa = PBXFileReference; lastKnownFileType = sourcecode.swift; path = MainBuilder.swift; sourceTree = "<group>"; };
		F94D0C7B260B150700BA2C77 /* MainInteractor.swift */ = {isa = PBXFileReference; lastKnownFileType = sourcecode.swift; path = MainInteractor.swift; sourceTree = "<group>"; };
		F94D0C84260B150F00BA2C77 /* ExplorePresentableState.swift */ = {isa = PBXFileReference; lastKnownFileType = sourcecode.swift; path = ExplorePresentableState.swift; sourceTree = "<group>"; };
		F94D0C85260B150F00BA2C77 /* ExploreRouter.swift */ = {isa = PBXFileReference; lastKnownFileType = sourcecode.swift; path = ExploreRouter.swift; sourceTree = "<group>"; };
		F94D0C86260B150F00BA2C77 /* ExploreViewController.swift */ = {isa = PBXFileReference; lastKnownFileType = sourcecode.swift; path = ExploreViewController.swift; sourceTree = "<group>"; };
		F94D0C87260B150F00BA2C77 /* ExploreBuilder.swift */ = {isa = PBXFileReference; lastKnownFileType = sourcecode.swift; path = ExploreBuilder.swift; sourceTree = "<group>"; };
		F94D0C88260B150F00BA2C77 /* ExploreInteractor.swift */ = {isa = PBXFileReference; lastKnownFileType = sourcecode.swift; path = ExploreInteractor.swift; sourceTree = "<group>"; };
		F94D0C91260B151600BA2C77 /* SearchPresentableState.swift */ = {isa = PBXFileReference; lastKnownFileType = sourcecode.swift; path = SearchPresentableState.swift; sourceTree = "<group>"; };
		F94D0C92260B151600BA2C77 /* SearchRouter.swift */ = {isa = PBXFileReference; lastKnownFileType = sourcecode.swift; path = SearchRouter.swift; sourceTree = "<group>"; };
		F94D0C93260B151600BA2C77 /* SearchViewController.swift */ = {isa = PBXFileReference; lastKnownFileType = sourcecode.swift; path = SearchViewController.swift; sourceTree = "<group>"; };
		F94D0C94260B151600BA2C77 /* SearchBuilder.swift */ = {isa = PBXFileReference; lastKnownFileType = sourcecode.swift; path = SearchBuilder.swift; sourceTree = "<group>"; };
		F94D0C95260B151600BA2C77 /* SearchInteractor.swift */ = {isa = PBXFileReference; lastKnownFileType = sourcecode.swift; path = SearchInteractor.swift; sourceTree = "<group>"; };
/* End PBXFileReference section */

/* Begin PBXFrameworksBuildPhase section */
		F94D0BC4260B120B00BA2C77 /* Frameworks */ = {
			isa = PBXFrameworksBuildPhase;
			buildActionMask = 2147483647;
			files = (
				F94D0C38260B132C00BA2C77 /* ReactiveMoya in Frameworks */,
				F94D0C30260B131500BA2C77 /* RxRelay in Frameworks */,
				F94D0C2C260B131500BA2C77 /* RxSwift in Frameworks */,
				F94D0C36260B132C00BA2C77 /* Moya in Frameworks */,
				F94D0C20260B12ED00BA2C77 /* RIBs in Frameworks */,
				F94D0C2E260B131500BA2C77 /* RxCocoa in Frameworks */,
				F94D0C40260B134500BA2C77 /* SnapKit in Frameworks */,
				F94D0C3A260B132C00BA2C77 /* RxMoya in Frameworks */,
				F94D0CA0260B157500BA2C77 /* ReactorKit in Frameworks */,
				F94D0C26260B12FD00BA2C77 /* Then in Frameworks */,
			);
			runOnlyForDeploymentPostprocessing = 0;
		};
		F94D0BDA260B120C00BA2C77 /* Frameworks */ = {
			isa = PBXFrameworksBuildPhase;
			buildActionMask = 2147483647;
			files = (
			);
			runOnlyForDeploymentPostprocessing = 0;
		};
		F94D0BE5260B120C00BA2C77 /* Frameworks */ = {
			isa = PBXFrameworksBuildPhase;
			buildActionMask = 2147483647;
			files = (
			);
			runOnlyForDeploymentPostprocessing = 0;
		};
/* End PBXFrameworksBuildPhase section */

/* Begin PBXGroup section */
		F94D0BBE260B120B00BA2C77 = {
			isa = PBXGroup;
			children = (
				F94D0BC9260B120B00BA2C77 /* Unsplashrimp */,
				F94D0BE0260B120C00BA2C77 /* UnsplashrimpTests */,
				F94D0BEB260B120C00BA2C77 /* UnsplashrimpUITests */,
				F94D0BC8260B120B00BA2C77 /* Products */,
			);
			sourceTree = "<group>";
		};
		F94D0BC8260B120B00BA2C77 /* Products */ = {
			isa = PBXGroup;
			children = (
				F94D0BC7260B120B00BA2C77 /* Unsplashrimp.app */,
				F94D0BDD260B120C00BA2C77 /* UnsplashrimpTests.xctest */,
				F94D0BE8260B120C00BA2C77 /* UnsplashrimpUITests.xctest */,
			);
			name = Products;
			sourceTree = "<group>";
		};
		F94D0BC9260B120B00BA2C77 /* Unsplashrimp */ = {
			isa = PBXGroup;
			children = (
				F94D0C0C260B125100BA2C77 /* Sources */,
				F94D0C09260B123E00BA2C77 /* Resources */,
				F94D0C18260B127200BA2C77 /* Supportings */,
			);
			path = Unsplashrimp;
			sourceTree = "<group>";
		};
		F94D0BE0260B120C00BA2C77 /* UnsplashrimpTests */ = {
			isa = PBXGroup;
			children = (
				F94D0BE1260B120C00BA2C77 /* UnsplashrimpTests.swift */,
				F94D0BE3260B120C00BA2C77 /* Info.plist */,
			);
			path = UnsplashrimpTests;
			sourceTree = "<group>";
		};
		F94D0BEB260B120C00BA2C77 /* UnsplashrimpUITests */ = {
			isa = PBXGroup;
			children = (
				F94D0BEC260B120C00BA2C77 /* UnsplashrimpUITests.swift */,
				F94D0BEE260B120C00BA2C77 /* Info.plist */,
			);
			path = UnsplashrimpUITests;
			sourceTree = "<group>";
		};
		F94D0C09260B123E00BA2C77 /* Resources */ = {
			isa = PBXGroup;
			children = (
				F94D0C0A260B124400BA2C77 /* Assets */,
				F94D0C0B260B124900BA2C77 /* Storyboards */,
			);
			path = Resources;
			sourceTree = "<group>";
		};
		F94D0C0A260B124400BA2C77 /* Assets */ = {
			isa = PBXGroup;
			children = (
				F94D0BD3260B120B00BA2C77 /* Assets.xcassets */,
			);
			path = Assets;
			sourceTree = "<group>";
		};
		F94D0C0B260B124900BA2C77 /* Storyboards */ = {
			isa = PBXGroup;
			children = (
				F94D0BD5260B120B00BA2C77 /* LaunchScreen.storyboard */,
			);
			path = Storyboards;
			sourceTree = "<group>";
		};
		F94D0C0C260B125100BA2C77 /* Sources */ = {
			isa = PBXGroup;
			children = (
				F94D0C10260B125600BA2C77 /* Presentation */,
			);
			path = Sources;
			sourceTree = "<group>";
		};
		F94D0C10260B125600BA2C77 /* Presentation */ = {
			isa = PBXGroup;
			children = (
				F94D0C14260B126600BA2C77 /* AppStart */,
				F94D0C52260B137700BA2C77 /* Scenes */,
				F94D0C49260B136000BA2C77 /* Utilities */,
				F94D0C1D260B12D300BA2C77 /* Extensions */,
			);
			path = Presentation;
			sourceTree = "<group>";
		};
		F94D0C14260B126600BA2C77 /* AppStart */ = {
			isa = PBXGroup;
			children = (
				F94D0BCA260B120B00BA2C77 /* AppDelegate.swift */,
			);
			path = AppStart;
			sourceTree = "<group>";
		};
		F94D0C18260B127200BA2C77 /* Supportings */ = {
			isa = PBXGroup;
			children = (
				F94D0C19260B127800BA2C77 /* plists */,
			);
			path = Supportings;
			sourceTree = "<group>";
		};
		F94D0C19260B127800BA2C77 /* plists */ = {
			isa = PBXGroup;
			children = (
				F94D0BD8260B120B00BA2C77 /* Info.plist */,
			);
			path = plists;
			sourceTree = "<group>";
		};
		F94D0C1D260B12D300BA2C77 /* Extensions */ = {
			isa = PBXGroup;
			children = (
				F94D0C44260B135400BA2C77 /* NSObject+Rx.swift */,
			);
			path = Extensions;
			sourceTree = "<group>";
		};
		F94D0C49260B136000BA2C77 /* Utilities */ = {
			isa = PBXGroup;
			children = (
				F94D0C4A260B136B00BA2C77 /* Logger.swift */,
			);
			path = Utilities;
			sourceTree = "<group>";
		};
		F94D0C52260B137700BA2C77 /* Scenes */ = {
			isa = PBXGroup;
			children = (
				F94D0C66260B147E00BA2C77 /* Splash */,
				F94D0C67260B148200BA2C77 /* Main */,
				F94D0C69260B149300BA2C77 /* Explore */,
				F94D0C68260B148B00BA2C77 /* Search */,
			);
			path = Scenes;
			sourceTree = "<group>";
		};
		F94D0C66260B147E00BA2C77 /* Splash */ = {
			isa = PBXGroup;
			children = (
				F94D0C6A260B14FD00BA2C77 /* SplashPresentableState.swift */,
				F94D0C6B260B14FD00BA2C77 /* SplashRouter.swift */,
				F94D0C6C260B14FD00BA2C77 /* SplashViewController.swift */,
				F94D0C6D260B14FD00BA2C77 /* SplashBuilder.swift */,
				F94D0C6E260B14FD00BA2C77 /* SplashInteractor.swift */,
			);
			path = Splash;
			sourceTree = "<group>";
		};
		F94D0C67260B148200BA2C77 /* Main */ = {
			isa = PBXGroup;
			children = (
				F94D0C77260B150700BA2C77 /* MainPresentableState.swift */,
				F94D0C78260B150700BA2C77 /* MainRouter.swift */,
				F94D0C79260B150700BA2C77 /* MainViewController.swift */,
				F94D0C7A260B150700BA2C77 /* MainBuilder.swift */,
				F94D0C7B260B150700BA2C77 /* MainInteractor.swift */,
			);
			path = Main;
			sourceTree = "<group>";
		};
		F94D0C68260B148B00BA2C77 /* Search */ = {
			isa = PBXGroup;
			children = (
				F94D0C91260B151600BA2C77 /* SearchPresentableState.swift */,
				F94D0C92260B151600BA2C77 /* SearchRouter.swift */,
				F94D0C93260B151600BA2C77 /* SearchViewController.swift */,
				F94D0C94260B151600BA2C77 /* SearchBuilder.swift */,
				F94D0C95260B151600BA2C77 /* SearchInteractor.swift */,
			);
			path = Search;
			sourceTree = "<group>";
		};
		F94D0C69260B149300BA2C77 /* Explore */ = {
			isa = PBXGroup;
			children = (
				F94D0C84260B150F00BA2C77 /* ExplorePresentableState.swift */,
				F94D0C85260B150F00BA2C77 /* ExploreRouter.swift */,
				F94D0C86260B150F00BA2C77 /* ExploreViewController.swift */,
				F94D0C87260B150F00BA2C77 /* ExploreBuilder.swift */,
				F94D0C88260B150F00BA2C77 /* ExploreInteractor.swift */,
			);
			path = Explore;
			sourceTree = "<group>";
		};
/* End PBXGroup section */

/* Begin PBXNativeTarget section */
		F94D0BC6260B120B00BA2C77 /* Unsplashrimp */ = {
			isa = PBXNativeTarget;
			buildConfigurationList = F94D0BF1260B120C00BA2C77 /* Build configuration list for PBXNativeTarget "Unsplashrimp" */;
			buildPhases = (
				F94D0BC3260B120B00BA2C77 /* Sources */,
				F94D0BC4260B120B00BA2C77 /* Frameworks */,
				F94D0BC5260B120B00BA2C77 /* Resources */,
			);
			buildRules = (
			);
			dependencies = (
			);
			name = Unsplashrimp;
			packageProductDependencies = (
				F94D0C1F260B12ED00BA2C77 /* RIBs */,
				F94D0C25260B12FD00BA2C77 /* Then */,
				F94D0C2B260B131500BA2C77 /* RxSwift */,
				F94D0C2D260B131500BA2C77 /* RxCocoa */,
				F94D0C2F260B131500BA2C77 /* RxRelay */,
				F94D0C35260B132C00BA2C77 /* Moya */,
				F94D0C37260B132C00BA2C77 /* ReactiveMoya */,
				F94D0C39260B132C00BA2C77 /* RxMoya */,
				F94D0C3F260B134500BA2C77 /* SnapKit */,
				F94D0C9F260B157500BA2C77 /* ReactorKit */,
			);
			productName = Unsplashrimp;
			productReference = F94D0BC7260B120B00BA2C77 /* Unsplashrimp.app */;
			productType = "com.apple.product-type.application";
		};
		F94D0BDC260B120C00BA2C77 /* UnsplashrimpTests */ = {
			isa = PBXNativeTarget;
			buildConfigurationList = F94D0BF4260B120C00BA2C77 /* Build configuration list for PBXNativeTarget "UnsplashrimpTests" */;
			buildPhases = (
				F94D0BD9260B120C00BA2C77 /* Sources */,
				F94D0BDA260B120C00BA2C77 /* Frameworks */,
				F94D0BDB260B120C00BA2C77 /* Resources */,
			);
			buildRules = (
			);
			dependencies = (
				F94D0BDF260B120C00BA2C77 /* PBXTargetDependency */,
			);
			name = UnsplashrimpTests;
			productName = UnsplashrimpTests;
			productReference = F94D0BDD260B120C00BA2C77 /* UnsplashrimpTests.xctest */;
			productType = "com.apple.product-type.bundle.unit-test";
		};
		F94D0BE7260B120C00BA2C77 /* UnsplashrimpUITests */ = {
			isa = PBXNativeTarget;
			buildConfigurationList = F94D0BF7260B120C00BA2C77 /* Build configuration list for PBXNativeTarget "UnsplashrimpUITests" */;
			buildPhases = (
				F94D0BE4260B120C00BA2C77 /* Sources */,
				F94D0BE5260B120C00BA2C77 /* Frameworks */,
				F94D0BE6260B120C00BA2C77 /* Resources */,
			);
			buildRules = (
			);
			dependencies = (
				F94D0BEA260B120C00BA2C77 /* PBXTargetDependency */,
			);
			name = UnsplashrimpUITests;
			productName = UnsplashrimpUITests;
			productReference = F94D0BE8260B120C00BA2C77 /* UnsplashrimpUITests.xctest */;
			productType = "com.apple.product-type.bundle.ui-testing";
		};
/* End PBXNativeTarget section */

/* Begin PBXProject section */
		F94D0BBF260B120B00BA2C77 /* Project object */ = {
			isa = PBXProject;
			attributes = {
				LastSwiftUpdateCheck = 1240;
				LastUpgradeCheck = 1240;
				TargetAttributes = {
					F94D0BC6260B120B00BA2C77 = {
						CreatedOnToolsVersion = 12.4;
					};
					F94D0BDC260B120C00BA2C77 = {
						CreatedOnToolsVersion = 12.4;
						TestTargetID = F94D0BC6260B120B00BA2C77;
					};
					F94D0BE7260B120C00BA2C77 = {
						CreatedOnToolsVersion = 12.4;
						TestTargetID = F94D0BC6260B120B00BA2C77;
					};
				};
			};
			buildConfigurationList = F94D0BC2260B120B00BA2C77 /* Build configuration list for PBXProject "Unsplashrimp" */;
			compatibilityVersion = "Xcode 9.3";
			developmentRegion = en;
			hasScannedForEncodings = 0;
			knownRegions = (
				en,
				Base,
			);
			mainGroup = F94D0BBE260B120B00BA2C77;
			packageReferences = (
				F94D0C1E260B12ED00BA2C77 /* XCRemoteSwiftPackageReference "RIBs" */,
				F94D0C24260B12FD00BA2C77 /* XCRemoteSwiftPackageReference "Then" */,
				F94D0C2A260B131500BA2C77 /* XCRemoteSwiftPackageReference "RxSwift" */,
				F94D0C34260B132C00BA2C77 /* XCRemoteSwiftPackageReference "Moya" */,
				F94D0C3E260B134500BA2C77 /* XCRemoteSwiftPackageReference "SnapKit" */,
				F94D0C9E260B157500BA2C77 /* XCRemoteSwiftPackageReference "ReactorKit" */,
			);
			productRefGroup = F94D0BC8260B120B00BA2C77 /* Products */;
			projectDirPath = "";
			projectRoot = "";
			targets = (
				F94D0BC6260B120B00BA2C77 /* Unsplashrimp */,
				F94D0BDC260B120C00BA2C77 /* UnsplashrimpTests */,
				F94D0BE7260B120C00BA2C77 /* UnsplashrimpUITests */,
			);
		};
/* End PBXProject section */

/* Begin PBXResourcesBuildPhase section */
		F94D0BC5260B120B00BA2C77 /* Resources */ = {
			isa = PBXResourcesBuildPhase;
			buildActionMask = 2147483647;
			files = (
				F94D0BD7260B120B00BA2C77 /* LaunchScreen.storyboard in Resources */,
				F94D0BD4260B120B00BA2C77 /* Assets.xcassets in Resources */,
			);
			runOnlyForDeploymentPostprocessing = 0;
		};
		F94D0BDB260B120C00BA2C77 /* Resources */ = {
			isa = PBXResourcesBuildPhase;
			buildActionMask = 2147483647;
			files = (
			);
			runOnlyForDeploymentPostprocessing = 0;
		};
		F94D0BE6260B120C00BA2C77 /* Resources */ = {
			isa = PBXResourcesBuildPhase;
			buildActionMask = 2147483647;
			files = (
			);
			runOnlyForDeploymentPostprocessing = 0;
		};
/* End PBXResourcesBuildPhase section */

/* Begin PBXSourcesBuildPhase section */
		F94D0BC3260B120B00BA2C77 /* Sources */ = {
			isa = PBXSourcesBuildPhase;
			buildActionMask = 2147483647;
			files = (
				F94D0C70260B14FD00BA2C77 /* SplashRouter.swift in Sources */,
				F94D0C8A260B150F00BA2C77 /* ExploreRouter.swift in Sources */,
				F94D0C7E260B150700BA2C77 /* MainViewController.swift in Sources */,
				F94D0C6F260B14FD00BA2C77 /* SplashPresentableState.swift in Sources */,
				F94D0C96260B151600BA2C77 /* SearchPresentableState.swift in Sources */,
				F94D0C99260B151600BA2C77 /* SearchBuilder.swift in Sources */,
				F94D0C8D260B150F00BA2C77 /* ExploreInteractor.swift in Sources */,
				F94D0C8B260B150F00BA2C77 /* ExploreViewController.swift in Sources */,
				F94D0C89260B150F00BA2C77 /* ExplorePresentableState.swift in Sources */,
				F94D0BCB260B120B00BA2C77 /* AppDelegate.swift in Sources */,
				F94D0C8C260B150F00BA2C77 /* ExploreBuilder.swift in Sources */,
				F94D0C71260B14FD00BA2C77 /* SplashViewController.swift in Sources */,
				F94D0C4B260B136B00BA2C77 /* Logger.swift in Sources */,
				F94D0C7D260B150700BA2C77 /* MainRouter.swift in Sources */,
				F94D0C7C260B150700BA2C77 /* MainPresentableState.swift in Sources */,
				F94D0C7F260B150700BA2C77 /* MainBuilder.swift in Sources */,
				F94D0C98260B151600BA2C77 /* SearchViewController.swift in Sources */,
				F94D0C72260B14FD00BA2C77 /* SplashBuilder.swift in Sources */,
				F94D0C97260B151600BA2C77 /* SearchRouter.swift in Sources */,
				F94D0C45260B135400BA2C77 /* NSObject+Rx.swift in Sources */,
				F94D0C73260B14FD00BA2C77 /* SplashInteractor.swift in Sources */,
				F94D0C80260B150700BA2C77 /* MainInteractor.swift in Sources */,
				F94D0C9A260B151600BA2C77 /* SearchInteractor.swift in Sources */,
			);
			runOnlyForDeploymentPostprocessing = 0;
		};
		F94D0BD9260B120C00BA2C77 /* Sources */ = {
			isa = PBXSourcesBuildPhase;
			buildActionMask = 2147483647;
			files = (
				F94D0BE2260B120C00BA2C77 /* UnsplashrimpTests.swift in Sources */,
			);
			runOnlyForDeploymentPostprocessing = 0;
		};
		F94D0BE4260B120C00BA2C77 /* Sources */ = {
			isa = PBXSourcesBuildPhase;
			buildActionMask = 2147483647;
			files = (
				F94D0BED260B120C00BA2C77 /* UnsplashrimpUITests.swift in Sources */,
			);
			runOnlyForDeploymentPostprocessing = 0;
		};
/* End PBXSourcesBuildPhase section */

/* Begin PBXTargetDependency section */
		F94D0BDF260B120C00BA2C77 /* PBXTargetDependency */ = {
			isa = PBXTargetDependency;
			target = F94D0BC6260B120B00BA2C77 /* Unsplashrimp */;
			targetProxy = F94D0BDE260B120C00BA2C77 /* PBXContainerItemProxy */;
		};
		F94D0BEA260B120C00BA2C77 /* PBXTargetDependency */ = {
			isa = PBXTargetDependency;
			target = F94D0BC6260B120B00BA2C77 /* Unsplashrimp */;
			targetProxy = F94D0BE9260B120C00BA2C77 /* PBXContainerItemProxy */;
		};
/* End PBXTargetDependency section */

/* Begin PBXVariantGroup section */
		F94D0BD5260B120B00BA2C77 /* LaunchScreen.storyboard */ = {
			isa = PBXVariantGroup;
			children = (
				F94D0BD6260B120B00BA2C77 /* Base */,
			);
			name = LaunchScreen.storyboard;
			sourceTree = "<group>";
		};
/* End PBXVariantGroup section */

/* Begin XCBuildConfiguration section */
		F94D0BEF260B120C00BA2C77 /* Debug */ = {
			isa = XCBuildConfiguration;
			buildSettings = {
				ALWAYS_SEARCH_USER_PATHS = NO;
				CLANG_ANALYZER_NONNULL = YES;
				CLANG_ANALYZER_NUMBER_OBJECT_CONVERSION = YES_AGGRESSIVE;
				CLANG_CXX_LANGUAGE_STANDARD = "gnu++14";
				CLANG_CXX_LIBRARY = "libc++";
				CLANG_ENABLE_MODULES = YES;
				CLANG_ENABLE_OBJC_ARC = YES;
				CLANG_ENABLE_OBJC_WEAK = YES;
				CLANG_WARN_BLOCK_CAPTURE_AUTORELEASING = YES;
				CLANG_WARN_BOOL_CONVERSION = YES;
				CLANG_WARN_COMMA = YES;
				CLANG_WARN_CONSTANT_CONVERSION = YES;
				CLANG_WARN_DEPRECATED_OBJC_IMPLEMENTATIONS = YES;
				CLANG_WARN_DIRECT_OBJC_ISA_USAGE = YES_ERROR;
				CLANG_WARN_DOCUMENTATION_COMMENTS = YES;
				CLANG_WARN_EMPTY_BODY = YES;
				CLANG_WARN_ENUM_CONVERSION = YES;
				CLANG_WARN_INFINITE_RECURSION = YES;
				CLANG_WARN_INT_CONVERSION = YES;
				CLANG_WARN_NON_LITERAL_NULL_CONVERSION = YES;
				CLANG_WARN_OBJC_IMPLICIT_RETAIN_SELF = YES;
				CLANG_WARN_OBJC_LITERAL_CONVERSION = YES;
				CLANG_WARN_OBJC_ROOT_CLASS = YES_ERROR;
				CLANG_WARN_QUOTED_INCLUDE_IN_FRAMEWORK_HEADER = YES;
				CLANG_WARN_RANGE_LOOP_ANALYSIS = YES;
				CLANG_WARN_STRICT_PROTOTYPES = YES;
				CLANG_WARN_SUSPICIOUS_MOVE = YES;
				CLANG_WARN_UNGUARDED_AVAILABILITY = YES_AGGRESSIVE;
				CLANG_WARN_UNREACHABLE_CODE = YES;
				CLANG_WARN__DUPLICATE_METHOD_MATCH = YES;
				COPY_PHASE_STRIP = NO;
				DEBUG_INFORMATION_FORMAT = dwarf;
				ENABLE_STRICT_OBJC_MSGSEND = YES;
				ENABLE_TESTABILITY = YES;
				GCC_C_LANGUAGE_STANDARD = gnu11;
				GCC_DYNAMIC_NO_PIC = NO;
				GCC_NO_COMMON_BLOCKS = YES;
				GCC_OPTIMIZATION_LEVEL = 0;
				GCC_PREPROCESSOR_DEFINITIONS = (
					"DEBUG=1",
					"$(inherited)",
				);
				GCC_WARN_64_TO_32_BIT_CONVERSION = YES;
				GCC_WARN_ABOUT_RETURN_TYPE = YES_ERROR;
				GCC_WARN_UNDECLARED_SELECTOR = YES;
				GCC_WARN_UNINITIALIZED_AUTOS = YES_AGGRESSIVE;
				GCC_WARN_UNUSED_FUNCTION = YES;
				GCC_WARN_UNUSED_VARIABLE = YES;
				IPHONEOS_DEPLOYMENT_TARGET = 14.4;
				MTL_ENABLE_DEBUG_INFO = INCLUDE_SOURCE;
				MTL_FAST_MATH = YES;
				ONLY_ACTIVE_ARCH = YES;
				SDKROOT = iphoneos;
				SWIFT_ACTIVE_COMPILATION_CONDITIONS = DEBUG;
				SWIFT_OPTIMIZATION_LEVEL = "-Onone";
			};
			name = Debug;
		};
		F94D0BF0260B120C00BA2C77 /* Release */ = {
			isa = XCBuildConfiguration;
			buildSettings = {
				ALWAYS_SEARCH_USER_PATHS = NO;
				CLANG_ANALYZER_NONNULL = YES;
				CLANG_ANALYZER_NUMBER_OBJECT_CONVERSION = YES_AGGRESSIVE;
				CLANG_CXX_LANGUAGE_STANDARD = "gnu++14";
				CLANG_CXX_LIBRARY = "libc++";
				CLANG_ENABLE_MODULES = YES;
				CLANG_ENABLE_OBJC_ARC = YES;
				CLANG_ENABLE_OBJC_WEAK = YES;
				CLANG_WARN_BLOCK_CAPTURE_AUTORELEASING = YES;
				CLANG_WARN_BOOL_CONVERSION = YES;
				CLANG_WARN_COMMA = YES;
				CLANG_WARN_CONSTANT_CONVERSION = YES;
				CLANG_WARN_DEPRECATED_OBJC_IMPLEMENTATIONS = YES;
				CLANG_WARN_DIRECT_OBJC_ISA_USAGE = YES_ERROR;
				CLANG_WARN_DOCUMENTATION_COMMENTS = YES;
				CLANG_WARN_EMPTY_BODY = YES;
				CLANG_WARN_ENUM_CONVERSION = YES;
				CLANG_WARN_INFINITE_RECURSION = YES;
				CLANG_WARN_INT_CONVERSION = YES;
				CLANG_WARN_NON_LITERAL_NULL_CONVERSION = YES;
				CLANG_WARN_OBJC_IMPLICIT_RETAIN_SELF = YES;
				CLANG_WARN_OBJC_LITERAL_CONVERSION = YES;
				CLANG_WARN_OBJC_ROOT_CLASS = YES_ERROR;
				CLANG_WARN_QUOTED_INCLUDE_IN_FRAMEWORK_HEADER = YES;
				CLANG_WARN_RANGE_LOOP_ANALYSIS = YES;
				CLANG_WARN_STRICT_PROTOTYPES = YES;
				CLANG_WARN_SUSPICIOUS_MOVE = YES;
				CLANG_WARN_UNGUARDED_AVAILABILITY = YES_AGGRESSIVE;
				CLANG_WARN_UNREACHABLE_CODE = YES;
				CLANG_WARN__DUPLICATE_METHOD_MATCH = YES;
				COPY_PHASE_STRIP = NO;
				DEBUG_INFORMATION_FORMAT = "dwarf-with-dsym";
				ENABLE_NS_ASSERTIONS = NO;
				ENABLE_STRICT_OBJC_MSGSEND = YES;
				GCC_C_LANGUAGE_STANDARD = gnu11;
				GCC_NO_COMMON_BLOCKS = YES;
				GCC_WARN_64_TO_32_BIT_CONVERSION = YES;
				GCC_WARN_ABOUT_RETURN_TYPE = YES_ERROR;
				GCC_WARN_UNDECLARED_SELECTOR = YES;
				GCC_WARN_UNINITIALIZED_AUTOS = YES_AGGRESSIVE;
				GCC_WARN_UNUSED_FUNCTION = YES;
				GCC_WARN_UNUSED_VARIABLE = YES;
				IPHONEOS_DEPLOYMENT_TARGET = 14.4;
				MTL_ENABLE_DEBUG_INFO = NO;
				MTL_FAST_MATH = YES;
				SDKROOT = iphoneos;
				SWIFT_COMPILATION_MODE = wholemodule;
				SWIFT_OPTIMIZATION_LEVEL = "-O";
				VALIDATE_PRODUCT = YES;
			};
			name = Release;
		};
		F94D0BF2260B120C00BA2C77 /* Debug */ = {
			isa = XCBuildConfiguration;
			buildSettings = {
				ASSETCATALOG_COMPILER_APPICON_NAME = AppIcon;
				ASSETCATALOG_COMPILER_GLOBAL_ACCENT_COLOR_NAME = AccentColor;
				CODE_SIGN_STYLE = Automatic;
				DEVELOPMENT_TEAM = 8JG26JJD34;
				INFOPLIST_FILE = Unsplashrimp/Supportings/plists/Info.plist;
				LD_RUNPATH_SEARCH_PATHS = (
					"$(inherited)",
					"@executable_path/Frameworks",
				);
				PRODUCT_BUNDLE_IDENTIFIER = com.statios.Unsplashrimp;
				PRODUCT_NAME = "$(TARGET_NAME)";
				SWIFT_VERSION = 5.0;
				TARGETED_DEVICE_FAMILY = "1,2";
			};
			name = Debug;
		};
		F94D0BF3260B120C00BA2C77 /* Release */ = {
			isa = XCBuildConfiguration;
			buildSettings = {
				ASSETCATALOG_COMPILER_APPICON_NAME = AppIcon;
				ASSETCATALOG_COMPILER_GLOBAL_ACCENT_COLOR_NAME = AccentColor;
				CODE_SIGN_STYLE = Automatic;
				DEVELOPMENT_TEAM = 8JG26JJD34;
				INFOPLIST_FILE = Unsplashrimp/Supportings/plists/Info.plist;
				LD_RUNPATH_SEARCH_PATHS = (
					"$(inherited)",
					"@executable_path/Frameworks",
				);
				PRODUCT_BUNDLE_IDENTIFIER = com.statios.Unsplashrimp;
				PRODUCT_NAME = "$(TARGET_NAME)";
				SWIFT_VERSION = 5.0;
				TARGETED_DEVICE_FAMILY = "1,2";
			};
			name = Release;
		};
		F94D0BF5260B120C00BA2C77 /* Debug */ = {
			isa = XCBuildConfiguration;
			buildSettings = {
				ALWAYS_EMBED_SWIFT_STANDARD_LIBRARIES = YES;
				BUNDLE_LOADER = "$(TEST_HOST)";
				CODE_SIGN_STYLE = Automatic;
				DEVELOPMENT_TEAM = 8JG26JJD34;
				INFOPLIST_FILE = UnsplashrimpTests/Info.plist;
				IPHONEOS_DEPLOYMENT_TARGET = 14.4;
				LD_RUNPATH_SEARCH_PATHS = (
					"$(inherited)",
					"@executable_path/Frameworks",
					"@loader_path/Frameworks",
				);
				PRODUCT_BUNDLE_IDENTIFIER = com.statios.UnsplashrimpTests;
				PRODUCT_NAME = "$(TARGET_NAME)";
				SWIFT_VERSION = 5.0;
				TARGETED_DEVICE_FAMILY = "1,2";
				TEST_HOST = "$(BUILT_PRODUCTS_DIR)/Unsplashrimp.app/Unsplashrimp";
			};
			name = Debug;
		};
		F94D0BF6260B120C00BA2C77 /* Release */ = {
			isa = XCBuildConfiguration;
			buildSettings = {
				ALWAYS_EMBED_SWIFT_STANDARD_LIBRARIES = YES;
				BUNDLE_LOADER = "$(TEST_HOST)";
				CODE_SIGN_STYLE = Automatic;
				DEVELOPMENT_TEAM = 8JG26JJD34;
				INFOPLIST_FILE = UnsplashrimpTests/Info.plist;
				IPHONEOS_DEPLOYMENT_TARGET = 14.4;
				LD_RUNPATH_SEARCH_PATHS = (
					"$(inherited)",
					"@executable_path/Frameworks",
					"@loader_path/Frameworks",
				);
				PRODUCT_BUNDLE_IDENTIFIER = com.statios.UnsplashrimpTests;
				PRODUCT_NAME = "$(TARGET_NAME)";
				SWIFT_VERSION = 5.0;
				TARGETED_DEVICE_FAMILY = "1,2";
				TEST_HOST = "$(BUILT_PRODUCTS_DIR)/Unsplashrimp.app/Unsplashrimp";
			};
			name = Release;
		};
		F94D0BF8260B120C00BA2C77 /* Debug */ = {
			isa = XCBuildConfiguration;
			buildSettings = {
				ALWAYS_EMBED_SWIFT_STANDARD_LIBRARIES = YES;
				CODE_SIGN_STYLE = Automatic;
				DEVELOPMENT_TEAM = 8JG26JJD34;
				INFOPLIST_FILE = UnsplashrimpUITests/Info.plist;
				LD_RUNPATH_SEARCH_PATHS = (
					"$(inherited)",
					"@executable_path/Frameworks",
					"@loader_path/Frameworks",
				);
				PRODUCT_BUNDLE_IDENTIFIER = com.statios.UnsplashrimpUITests;
				PRODUCT_NAME = "$(TARGET_NAME)";
				SWIFT_VERSION = 5.0;
				TARGETED_DEVICE_FAMILY = "1,2";
				TEST_TARGET_NAME = Unsplashrimp;
			};
			name = Debug;
		};
		F94D0BF9260B120C00BA2C77 /* Release */ = {
			isa = XCBuildConfiguration;
			buildSettings = {
				ALWAYS_EMBED_SWIFT_STANDARD_LIBRARIES = YES;
				CODE_SIGN_STYLE = Automatic;
				DEVELOPMENT_TEAM = 8JG26JJD34;
				INFOPLIST_FILE = UnsplashrimpUITests/Info.plist;
				LD_RUNPATH_SEARCH_PATHS = (
					"$(inherited)",
					"@executable_path/Frameworks",
					"@loader_path/Frameworks",
				);
				PRODUCT_BUNDLE_IDENTIFIER = com.statios.UnsplashrimpUITests;
				PRODUCT_NAME = "$(TARGET_NAME)";
				SWIFT_VERSION = 5.0;
				TARGETED_DEVICE_FAMILY = "1,2";
				TEST_TARGET_NAME = Unsplashrimp;
			};
			name = Release;
		};
/* End XCBuildConfiguration section */

/* Begin XCConfigurationList section */
		F94D0BC2260B120B00BA2C77 /* Build configuration list for PBXProject "Unsplashrimp" */ = {
			isa = XCConfigurationList;
			buildConfigurations = (
				F94D0BEF260B120C00BA2C77 /* Debug */,
				F94D0BF0260B120C00BA2C77 /* Release */,
			);
			defaultConfigurationIsVisible = 0;
			defaultConfigurationName = Release;
		};
		F94D0BF1260B120C00BA2C77 /* Build configuration list for PBXNativeTarget "Unsplashrimp" */ = {
			isa = XCConfigurationList;
			buildConfigurations = (
				F94D0BF2260B120C00BA2C77 /* Debug */,
				F94D0BF3260B120C00BA2C77 /* Release */,
			);
			defaultConfigurationIsVisible = 0;
			defaultConfigurationName = Release;
		};
		F94D0BF4260B120C00BA2C77 /* Build configuration list for PBXNativeTarget "UnsplashrimpTests" */ = {
			isa = XCConfigurationList;
			buildConfigurations = (
				F94D0BF5260B120C00BA2C77 /* Debug */,
				F94D0BF6260B120C00BA2C77 /* Release */,
			);
			defaultConfigurationIsVisible = 0;
			defaultConfigurationName = Release;
		};
		F94D0BF7260B120C00BA2C77 /* Build configuration list for PBXNativeTarget "UnsplashrimpUITests" */ = {
			isa = XCConfigurationList;
			buildConfigurations = (
				F94D0BF8260B120C00BA2C77 /* Debug */,
				F94D0BF9260B120C00BA2C77 /* Release */,
			);
			defaultConfigurationIsVisible = 0;
			defaultConfigurationName = Release;
		};
/* End XCConfigurationList section */

/* Begin XCRemoteSwiftPackageReference section */
		F94D0C1E260B12ED00BA2C77 /* XCRemoteSwiftPackageReference "RIBs" */ = {
			isa = XCRemoteSwiftPackageReference;
			repositoryURL = "https://github.com/uber/RIBs";
			requirement = {
				kind = upToNextMajorVersion;
				minimumVersion = 0.10.1;
			};
		};
		F94D0C24260B12FD00BA2C77 /* XCRemoteSwiftPackageReference "Then" */ = {
			isa = XCRemoteSwiftPackageReference;
			repositoryURL = "https://github.com/devxoul/Then";
			requirement = {
				kind = upToNextMajorVersion;
				minimumVersion = 2.7.0;
			};
		};
		F94D0C2A260B131500BA2C77 /* XCRemoteSwiftPackageReference "RxSwift" */ = {
			isa = XCRemoteSwiftPackageReference;
			repositoryURL = "https://github.com/ReactiveX/RxSwift";
			requirement = {
				kind = upToNextMajorVersion;
				minimumVersion = 5.0.0;
			};
		};
		F94D0C34260B132C00BA2C77 /* XCRemoteSwiftPackageReference "Moya" */ = {
			isa = XCRemoteSwiftPackageReference;
			repositoryURL = "https://github.com/Moya/Moya";
			requirement = {
				kind = upToNextMajorVersion;
				minimumVersion = 14.0.1;
			};
		};
		F94D0C3E260B134500BA2C77 /* XCRemoteSwiftPackageReference "SnapKit" */ = {
			isa = XCRemoteSwiftPackageReference;
			repositoryURL = "https://github.com/SnapKit/SnapKit";
			requirement = {
				kind = upToNextMajorVersion;
				minimumVersion = 5.0.1;
			};
		};
		F94D0C9E260B157500BA2C77 /* XCRemoteSwiftPackageReference "ReactorKit" */ = {
			isa = XCRemoteSwiftPackageReference;
			repositoryURL = "https://github.com/ReactorKit/ReactorKit";
			requirement = {
				kind = upToNextMajorVersion;
				minimumVersion = 2.0.0;
			};
		};
/* End XCRemoteSwiftPackageReference section */

/* Begin XCSwiftPackageProductDependency section */
		F94D0C1F260B12ED00BA2C77 /* RIBs */ = {
			isa = XCSwiftPackageProductDependency;
			package = F94D0C1E260B12ED00BA2C77 /* XCRemoteSwiftPackageReference "RIBs" */;
			productName = RIBs;
		};
		F94D0C25260B12FD00BA2C77 /* Then */ = {
			isa = XCSwiftPackageProductDependency;
			package = F94D0C24260B12FD00BA2C77 /* XCRemoteSwiftPackageReference "Then" */;
			productName = Then;
		};
		F94D0C2B260B131500BA2C77 /* RxSwift */ = {
			isa = XCSwiftPackageProductDependency;
			package = F94D0C2A260B131500BA2C77 /* XCRemoteSwiftPackageReference "RxSwift" */;
			productName = RxSwift;
		};
		F94D0C2D260B131500BA2C77 /* RxCocoa */ = {
			isa = XCSwiftPackageProductDependency;
			package = F94D0C2A260B131500BA2C77 /* XCRemoteSwiftPackageReference "RxSwift" */;
			productName = RxCocoa;
		};
		F94D0C2F260B131500BA2C77 /* RxRelay */ = {
			isa = XCSwiftPackageProductDependency;
			package = F94D0C2A260B131500BA2C77 /* XCRemoteSwiftPackageReference "RxSwift" */;
			productName = RxRelay;
		};
		F94D0C35260B132C00BA2C77 /* Moya */ = {
			isa = XCSwiftPackageProductDependency;
			package = F94D0C34260B132C00BA2C77 /* XCRemoteSwiftPackageReference "Moya" */;
			productName = Moya;
		};
		F94D0C37260B132C00BA2C77 /* ReactiveMoya */ = {
			isa = XCSwiftPackageProductDependency;
			package = F94D0C34260B132C00BA2C77 /* XCRemoteSwiftPackageReference "Moya" */;
			productName = ReactiveMoya;
		};
		F94D0C39260B132C00BA2C77 /* RxMoya */ = {
			isa = XCSwiftPackageProductDependency;
			package = F94D0C34260B132C00BA2C77 /* XCRemoteSwiftPackageReference "Moya" */;
			productName = RxMoya;
		};
		F94D0C3F260B134500BA2C77 /* SnapKit */ = {
			isa = XCSwiftPackageProductDependency;
			package = F94D0C3E260B134500BA2C77 /* XCRemoteSwiftPackageReference "SnapKit" */;
			productName = SnapKit;
		};
		F94D0C9F260B157500BA2C77 /* ReactorKit */ = {
			isa = XCSwiftPackageProductDependency;
			package = F94D0C9E260B157500BA2C77 /* XCRemoteSwiftPackageReference "ReactorKit" */;
			productName = ReactorKit;
		};
/* End XCSwiftPackageProductDependency section */
	};
	rootObject = F94D0BBF260B120B00BA2C77 /* Project object */;
}
