// !$*UTF8*$!
{
	archiveVersion = 1;
	classes = {
	};
	objectVersion = 50;
	objects = {

/* Begin PBXBuildFile section */
		F922AAA325D48BAC00DA8F60 /* SearchCell.swift in Sources */ = {isa = PBXBuildFile; fileRef = F922AAA225D48BAC00DA8F60 /* SearchCell.swift */; };
		F941138C25D430C0008132A4 /* UIColor.swift in Sources */ = {isa = PBXBuildFile; fileRef = F941138B25D430C0008132A4 /* UIColor.swift */; };
		F9880BDB25D16D0F00967F46 /* TargetType.swift in Sources */ = {isa = PBXBuildFile; fileRef = F9880BDA25D16D0F00967F46 /* TargetType.swift */; };
		F9880BE625D1E12B00967F46 /* Key.plist in Resources */ = {isa = PBXBuildFile; fileRef = F9880BE525D1E12B00967F46 /* Key.plist */; };
		F9880BEB25D1E46900967F46 /* HTTPMethod.swift in Sources */ = {isa = PBXBuildFile; fileRef = F9880BEA25D1E46900967F46 /* HTTPMethod.swift */; };
		F9880BF325D26D5C00967F46 /* Topic.swift in Sources */ = {isa = PBXBuildFile; fileRef = F9880BF225D26D5C00967F46 /* Topic.swift */; };
		F9880BF825D27F9200967F46 /* Photo.swift in Sources */ = {isa = PBXBuildFile; fileRef = F9880BF725D27F9200967F46 /* Photo.swift */; };
		F9880C1125D2823100967F46 /* PhotoCell.swift in Sources */ = {isa = PBXBuildFile; fileRef = F9880C0F25D2823100967F46 /* PhotoCell.swift */; };
		F9880C1C25D288BD00967F46 /* UIImageView.swift in Sources */ = {isa = PBXBuildFile; fileRef = F9880C1B25D288BD00967F46 /* UIImageView.swift */; };
		F9880C5725D29AB500967F46 /* UINavigationBar.swift in Sources */ = {isa = PBXBuildFile; fileRef = F9880C5625D29AB500967F46 /* UINavigationBar.swift */; };
		F9880C8525D2E76400967F46 /* Device.swift in Sources */ = {isa = PBXBuildFile; fileRef = F9880C8425D2E76400967F46 /* Device.swift */; };
		F9880CA025D2F37500967F46 /* TopicCell.swift in Sources */ = {isa = PBXBuildFile; fileRef = F9880C9F25D2F37500967F46 /* TopicCell.swift */; };
		F9880CAD25D3221600967F46 /* CGFloat.swift in Sources */ = {isa = PBXBuildFile; fileRef = F9880CAC25D3221600967F46 /* CGFloat.swift */; };
		F988F01925D4910400AC4DA4 /* PaginationResponse.swift in Sources */ = {isa = PBXBuildFile; fileRef = F988F01825D4910400AC4DA4 /* PaginationResponse.swift */; };
		F988F02925D4A72C00AC4DA4 /* DetailPresenter.swift in Sources */ = {isa = PBXBuildFile; fileRef = F988F02325D4A72C00AC4DA4 /* DetailPresenter.swift */; };
		F988F02B25D4A72C00AC4DA4 /* DetailRouter.swift in Sources */ = {isa = PBXBuildFile; fileRef = F988F02525D4A72C00AC4DA4 /* DetailRouter.swift */; };
		F988F02C25D4A72C00AC4DA4 /* DetailModels.swift in Sources */ = {isa = PBXBuildFile; fileRef = F988F02625D4A72C00AC4DA4 /* DetailModels.swift */; };
		F988F02D25D4A72C00AC4DA4 /* DetailViewController.swift in Sources */ = {isa = PBXBuildFile; fileRef = F988F02725D4A72C00AC4DA4 /* DetailViewController.swift */; };
		F988F02E25D4A72C00AC4DA4 /* DetailInteractor.swift in Sources */ = {isa = PBXBuildFile; fileRef = F988F02825D4A72C00AC4DA4 /* DetailInteractor.swift */; };
		F988F03325D4A74400AC4DA4 /* Detail.storyboard in Resources */ = {isa = PBXBuildFile; fileRef = F988F03225D4A74400AC4DA4 /* Detail.storyboard */; };
		F988F04725D4CF5600AC4DA4 /* DetailCell.swift in Sources */ = {isa = PBXBuildFile; fileRef = F988F04625D4CF5600AC4DA4 /* DetailCell.swift */; };
		F988F07625D64E0700AC4DA4 /* DetailRoutableDataStore.swift in Sources */ = {isa = PBXBuildFile; fileRef = F988F07525D64E0700AC4DA4 /* DetailRoutableDataStore.swift */; };
		F988F07B25D64E2300AC4DA4 /* DetailRoutableDisplayLogic.swift in Sources */ = {isa = PBXBuildFile; fileRef = F988F07A25D64E2300AC4DA4 /* DetailRoutableDisplayLogic.swift */; };
		F988F0A325D6630A00AC4DA4 /* UITableView.swift in Sources */ = {isa = PBXBuildFile; fileRef = F988F0A225D6630A00AC4DA4 /* UITableView.swift */; };
		F988F0AB25D6639E00AC4DA4 /* NSObject.swift in Sources */ = {isa = PBXBuildFile; fileRef = F988F0AA25D6639E00AC4DA4 /* NSObject.swift */; };
		F988F0B025D664BE00AC4DA4 /* UICollectionView.swift in Sources */ = {isa = PBXBuildFile; fileRef = F988F0AF25D664BE00AC4DA4 /* UICollectionView.swift */; };
		F988F0BD25D6687800AC4DA4 /* UIStoryboard.swift in Sources */ = {isa = PBXBuildFile; fileRef = F988F0BC25D6687800AC4DA4 /* UIStoryboard.swift */; };
		F988F0C625D66AFA00AC4DA4 /* TransparentNavigationController.swift in Sources */ = {isa = PBXBuildFile; fileRef = F988F0C525D66AFA00AC4DA4 /* TransparentNavigationController.swift */; };
		F988F0D125D66B9400AC4DA4 /* UIViewController.swift in Sources */ = {isa = PBXBuildFile; fileRef = F988F0D025D66B9400AC4DA4 /* UIViewController.swift */; };
		F988F0E125D723C200AC4DA4 /* MainTabBarController.swift in Sources */ = {isa = PBXBuildFile; fileRef = F988F0E025D723C200AC4DA4 /* MainTabBarController.swift */; };
		F988F12F25D77BBF00AC4DA4 /* UnsplashResponse.swift in Sources */ = {isa = PBXBuildFile; fileRef = F988F12E25D77BBF00AC4DA4 /* UnsplashResponse.swift */; };
		F988F13725D77BC800AC4DA4 /* UnsplashErrorResult.swift in Sources */ = {isa = PBXBuildFile; fileRef = F988F13625D77BC800AC4DA4 /* UnsplashErrorResult.swift */; };
		F9B277E225D7ADC100385E18 /* SplashViewControllerTests.swift in Sources */ = {isa = PBXBuildFile; fileRef = F9B277DE25D7ADC100385E18 /* SplashViewControllerTests.swift */; };
		F9B277E325D7ADC100385E18 /* SplashInteractorTests.swift in Sources */ = {isa = PBXBuildFile; fileRef = F9B277DF25D7ADC100385E18 /* SplashInteractorTests.swift */; };
		F9B277E525D7ADC100385E18 /* SplashPresenterTests.swift in Sources */ = {isa = PBXBuildFile; fileRef = F9B277E125D7ADC100385E18 /* SplashPresenterTests.swift */; };
		F9B2780E25D88B3D00385E18 /* ExploreViewControllerTests.swift in Sources */ = {isa = PBXBuildFile; fileRef = F9B2780A25D88B3D00385E18 /* ExploreViewControllerTests.swift */; };
		F9B2780F25D88B3D00385E18 /* ExploreInteractorTests.swift in Sources */ = {isa = PBXBuildFile; fileRef = F9B2780B25D88B3D00385E18 /* ExploreInteractorTests.swift */; };
		F9B2781125D88B3D00385E18 /* ExplorePresenterTests.swift in Sources */ = {isa = PBXBuildFile; fileRef = F9B2780D25D88B3D00385E18 /* ExplorePresenterTests.swift */; };
		F9B2783925D8B8E600385E18 /* NetworkError.swift in Sources */ = {isa = PBXBuildFile; fileRef = F9B2783825D8B8E600385E18 /* NetworkError.swift */; };
		F9B2784225D8E97600385E18 /* Seeds.swift in Sources */ = {isa = PBXBuildFile; fileRef = F9B2784125D8E97600385E18 /* Seeds.swift */; };
		F9C497D625D0CA120098A309 /* AppDelegate.swift in Sources */ = {isa = PBXBuildFile; fileRef = F9C497D525D0CA120098A309 /* AppDelegate.swift */; };
		F9C497DF25D0CA130098A309 /* Images.xcassets in Resources */ = {isa = PBXBuildFile; fileRef = F9C497DE25D0CA130098A309 /* Images.xcassets */; };
		F9C497E225D0CA130098A309 /* LaunchScreen.storyboard in Resources */ = {isa = PBXBuildFile; fileRef = F9C497E025D0CA130098A309 /* LaunchScreen.storyboard */; };
		F9C497ED25D0CA130098A309 /* UnsplashrimpTests.swift in Sources */ = {isa = PBXBuildFile; fileRef = F9C497EC25D0CA130098A309 /* UnsplashrimpTests.swift */; };
		F9C497F825D0CA130098A309 /* UnsplashrimpUITests.swift in Sources */ = {isa = PBXBuildFile; fileRef = F9C497F725D0CA130098A309 /* UnsplashrimpUITests.swift */; };
		F9C4984225D0D3A50098A309 /* SplashPresenter.swift in Sources */ = {isa = PBXBuildFile; fileRef = F9C4983C25D0D3A50098A309 /* SplashPresenter.swift */; };
		F9C4984425D0D3A50098A309 /* SplashRouter.swift in Sources */ = {isa = PBXBuildFile; fileRef = F9C4983E25D0D3A50098A309 /* SplashRouter.swift */; };
		F9C4984525D0D3A50098A309 /* SplashModels.swift in Sources */ = {isa = PBXBuildFile; fileRef = F9C4983F25D0D3A50098A309 /* SplashModels.swift */; };
		F9C4984625D0D3A50098A309 /* SplashViewController.swift in Sources */ = {isa = PBXBuildFile; fileRef = F9C4984025D0D3A50098A309 /* SplashViewController.swift */; };
		F9C4984725D0D3A50098A309 /* SplashInteractor.swift in Sources */ = {isa = PBXBuildFile; fileRef = F9C4984125D0D3A50098A309 /* SplashInteractor.swift */; };
		F9C4985225D0D3BC0098A309 /* Splash.storyboard in Resources */ = {isa = PBXBuildFile; fileRef = F9C4985125D0D3BC0098A309 /* Splash.storyboard */; };
		F9C4986625D0D58B0098A309 /* Log.swift in Sources */ = {isa = PBXBuildFile; fileRef = F9C4986525D0D58B0098A309 /* Log.swift */; };
		F9C4986E25D0D5960098A309 /* LogEvent.swift in Sources */ = {isa = PBXBuildFile; fileRef = F9C4986D25D0D5960098A309 /* LogEvent.swift */; };
		F9C4987325D0D5FD0098A309 /* BaseViewController.swift in Sources */ = {isa = PBXBuildFile; fileRef = F9C4987225D0D5FD0098A309 /* BaseViewController.swift */; };
		F9C4987825D0D6040098A309 /* BaseInteractor.swift in Sources */ = {isa = PBXBuildFile; fileRef = F9C4987725D0D6040098A309 /* BaseInteractor.swift */; };
		F9C4987D25D0D60A0098A309 /* BasePresenter.swift in Sources */ = {isa = PBXBuildFile; fileRef = F9C4987C25D0D60A0098A309 /* BasePresenter.swift */; };
		F9C4988225D0D62C0098A309 /* BaseWorker.swift in Sources */ = {isa = PBXBuildFile; fileRef = F9C4988125D0D62C0098A309 /* BaseWorker.swift */; };
		F9C4988725D0D6330098A309 /* BaseRouter.swift in Sources */ = {isa = PBXBuildFile; fileRef = F9C4988625D0D6330098A309 /* BaseRouter.swift */; };
		F9C4989E25D0DBDA0098A309 /* ExplorePresenter.swift in Sources */ = {isa = PBXBuildFile; fileRef = F9C4989825D0DBDA0098A309 /* ExplorePresenter.swift */; };
		F9C498A025D0DBDA0098A309 /* ExploreRouter.swift in Sources */ = {isa = PBXBuildFile; fileRef = F9C4989A25D0DBDA0098A309 /* ExploreRouter.swift */; };
		F9C498A125D0DBDA0098A309 /* ExploreModels.swift in Sources */ = {isa = PBXBuildFile; fileRef = F9C4989B25D0DBDA0098A309 /* ExploreModels.swift */; };
		F9C498A225D0DBDA0098A309 /* ExploreViewController.swift in Sources */ = {isa = PBXBuildFile; fileRef = F9C4989C25D0DBDA0098A309 /* ExploreViewController.swift */; };
		F9C498A325D0DBDA0098A309 /* ExploreInteractor.swift in Sources */ = {isa = PBXBuildFile; fileRef = F9C4989D25D0DBDA0098A309 /* ExploreInteractor.swift */; };
		F9C498AD25D0DBEC0098A309 /* SearchPresenter.swift in Sources */ = {isa = PBXBuildFile; fileRef = F9C498A725D0DBEC0098A309 /* SearchPresenter.swift */; };
		F9C498AF25D0DBEC0098A309 /* SearchRouter.swift in Sources */ = {isa = PBXBuildFile; fileRef = F9C498A925D0DBEC0098A309 /* SearchRouter.swift */; };
		F9C498B025D0DBEC0098A309 /* SearchModels.swift in Sources */ = {isa = PBXBuildFile; fileRef = F9C498AA25D0DBEC0098A309 /* SearchModels.swift */; };
		F9C498B125D0DBEC0098A309 /* SearchViewController.swift in Sources */ = {isa = PBXBuildFile; fileRef = F9C498AB25D0DBEC0098A309 /* SearchViewController.swift */; };
		F9C498B225D0DBEC0098A309 /* SearchInteractor.swift in Sources */ = {isa = PBXBuildFile; fileRef = F9C498AC25D0DBEC0098A309 /* SearchInteractor.swift */; };
		F9C498B725D0DBF30098A309 /* Search.storyboard in Resources */ = {isa = PBXBuildFile; fileRef = F9C498B625D0DBF30098A309 /* Search.storyboard */; };
		F9C498C425D0DC0E0098A309 /* Explore.storyboard in Resources */ = {isa = PBXBuildFile; fileRef = F9C498C325D0DC0E0098A309 /* Explore.storyboard */; };
		F9C498DC25D0E6A80098A309 /* NetworkWorker.swift in Sources */ = {isa = PBXBuildFile; fileRef = F9C498DB25D0E6A80098A309 /* NetworkWorker.swift */; };
		F9C498E125D0E6C80098A309 /* UnsplashAPI.swift in Sources */ = {isa = PBXBuildFile; fileRef = F9C498E025D0E6C80098A309 /* UnsplashAPI.swift */; };
/* End PBXBuildFile section */

/* Begin PBXContainerItemProxy section */
		F9C497E925D0CA130098A309 /* PBXContainerItemProxy */ = {
			isa = PBXContainerItemProxy;
			containerPortal = F9C497CA25D0CA110098A309 /* Project object */;
			proxyType = 1;
			remoteGlobalIDString = F9C497D125D0CA110098A309;
			remoteInfo = Unsplashrimp;
		};
		F9C497F425D0CA130098A309 /* PBXContainerItemProxy */ = {
			isa = PBXContainerItemProxy;
			containerPortal = F9C497CA25D0CA110098A309 /* Project object */;
			proxyType = 1;
			remoteGlobalIDString = F9C497D125D0CA110098A309;
			remoteInfo = Unsplashrimp;
		};
/* End PBXContainerItemProxy section */

/* Begin PBXFileReference section */
		F922AAA225D48BAC00DA8F60 /* SearchCell.swift */ = {isa = PBXFileReference; lastKnownFileType = sourcecode.swift; path = SearchCell.swift; sourceTree = "<group>"; };
		F941138B25D430C0008132A4 /* UIColor.swift */ = {isa = PBXFileReference; lastKnownFileType = sourcecode.swift; path = UIColor.swift; sourceTree = "<group>"; };
		F9880BDA25D16D0F00967F46 /* TargetType.swift */ = {isa = PBXFileReference; lastKnownFileType = sourcecode.swift; path = TargetType.swift; sourceTree = "<group>"; };
		F9880BE525D1E12B00967F46 /* Key.plist */ = {isa = PBXFileReference; lastKnownFileType = text.plist.xml; path = Key.plist; sourceTree = "<group>"; };
		F9880BEA25D1E46900967F46 /* HTTPMethod.swift */ = {isa = PBXFileReference; lastKnownFileType = sourcecode.swift; path = HTTPMethod.swift; sourceTree = "<group>"; };
		F9880BF225D26D5C00967F46 /* Topic.swift */ = {isa = PBXFileReference; lastKnownFileType = sourcecode.swift; path = Topic.swift; sourceTree = "<group>"; };
		F9880BF725D27F9200967F46 /* Photo.swift */ = {isa = PBXFileReference; lastKnownFileType = sourcecode.swift; path = Photo.swift; sourceTree = "<group>"; };
		F9880C0F25D2823100967F46 /* PhotoCell.swift */ = {isa = PBXFileReference; lastKnownFileType = sourcecode.swift; path = PhotoCell.swift; sourceTree = "<group>"; };
		F9880C1B25D288BD00967F46 /* UIImageView.swift */ = {isa = PBXFileReference; lastKnownFileType = sourcecode.swift; path = UIImageView.swift; sourceTree = "<group>"; };
		F9880C5625D29AB500967F46 /* UINavigationBar.swift */ = {isa = PBXFileReference; lastKnownFileType = sourcecode.swift; path = UINavigationBar.swift; sourceTree = "<group>"; };
		F9880C8425D2E76400967F46 /* Device.swift */ = {isa = PBXFileReference; lastKnownFileType = sourcecode.swift; path = Device.swift; sourceTree = "<group>"; };
		F9880C9F25D2F37500967F46 /* TopicCell.swift */ = {isa = PBXFileReference; lastKnownFileType = sourcecode.swift; path = TopicCell.swift; sourceTree = "<group>"; };
		F9880CAC25D3221600967F46 /* CGFloat.swift */ = {isa = PBXFileReference; lastKnownFileType = sourcecode.swift; path = CGFloat.swift; sourceTree = "<group>"; };
		F988F01825D4910400AC4DA4 /* PaginationResponse.swift */ = {isa = PBXFileReference; lastKnownFileType = sourcecode.swift; path = PaginationResponse.swift; sourceTree = "<group>"; };
		F988F02325D4A72C00AC4DA4 /* DetailPresenter.swift */ = {isa = PBXFileReference; lastKnownFileType = sourcecode.swift; path = DetailPresenter.swift; sourceTree = "<group>"; };
		F988F02525D4A72C00AC4DA4 /* DetailRouter.swift */ = {isa = PBXFileReference; lastKnownFileType = sourcecode.swift; path = DetailRouter.swift; sourceTree = "<group>"; };
		F988F02625D4A72C00AC4DA4 /* DetailModels.swift */ = {isa = PBXFileReference; lastKnownFileType = sourcecode.swift; path = DetailModels.swift; sourceTree = "<group>"; };
		F988F02725D4A72C00AC4DA4 /* DetailViewController.swift */ = {isa = PBXFileReference; lastKnownFileType = sourcecode.swift; path = DetailViewController.swift; sourceTree = "<group>"; };
		F988F02825D4A72C00AC4DA4 /* DetailInteractor.swift */ = {isa = PBXFileReference; lastKnownFileType = sourcecode.swift; path = DetailInteractor.swift; sourceTree = "<group>"; };
		F988F03225D4A74400AC4DA4 /* Detail.storyboard */ = {isa = PBXFileReference; lastKnownFileType = file.storyboard; path = Detail.storyboard; sourceTree = "<group>"; };
		F988F04625D4CF5600AC4DA4 /* DetailCell.swift */ = {isa = PBXFileReference; lastKnownFileType = sourcecode.swift; path = DetailCell.swift; sourceTree = "<group>"; };
		F988F07525D64E0700AC4DA4 /* DetailRoutableDataStore.swift */ = {isa = PBXFileReference; lastKnownFileType = sourcecode.swift; path = DetailRoutableDataStore.swift; sourceTree = "<group>"; };
		F988F07A25D64E2300AC4DA4 /* DetailRoutableDisplayLogic.swift */ = {isa = PBXFileReference; lastKnownFileType = sourcecode.swift; path = DetailRoutableDisplayLogic.swift; sourceTree = "<group>"; };
		F988F0A225D6630A00AC4DA4 /* UITableView.swift */ = {isa = PBXFileReference; lastKnownFileType = sourcecode.swift; path = UITableView.swift; sourceTree = "<group>"; };
		F988F0AA25D6639E00AC4DA4 /* NSObject.swift */ = {isa = PBXFileReference; lastKnownFileType = sourcecode.swift; path = NSObject.swift; sourceTree = "<group>"; };
		F988F0AF25D664BE00AC4DA4 /* UICollectionView.swift */ = {isa = PBXFileReference; lastKnownFileType = sourcecode.swift; path = UICollectionView.swift; sourceTree = "<group>"; };
		F988F0BC25D6687800AC4DA4 /* UIStoryboard.swift */ = {isa = PBXFileReference; lastKnownFileType = sourcecode.swift; path = UIStoryboard.swift; sourceTree = "<group>"; };
		F988F0C525D66AFA00AC4DA4 /* TransparentNavigationController.swift */ = {isa = PBXFileReference; lastKnownFileType = sourcecode.swift; path = TransparentNavigationController.swift; sourceTree = "<group>"; };
		F988F0D025D66B9400AC4DA4 /* UIViewController.swift */ = {isa = PBXFileReference; lastKnownFileType = sourcecode.swift; path = UIViewController.swift; sourceTree = "<group>"; };
		F988F0E025D723C200AC4DA4 /* MainTabBarController.swift */ = {isa = PBXFileReference; lastKnownFileType = sourcecode.swift; path = MainTabBarController.swift; sourceTree = "<group>"; };
		F988F12E25D77BBF00AC4DA4 /* UnsplashResponse.swift */ = {isa = PBXFileReference; lastKnownFileType = sourcecode.swift; path = UnsplashResponse.swift; sourceTree = "<group>"; };
		F988F13625D77BC800AC4DA4 /* UnsplashErrorResult.swift */ = {isa = PBXFileReference; lastKnownFileType = sourcecode.swift; path = UnsplashErrorResult.swift; sourceTree = "<group>"; };
		F9B277DE25D7ADC100385E18 /* SplashViewControllerTests.swift */ = {isa = PBXFileReference; lastKnownFileType = sourcecode.swift; path = SplashViewControllerTests.swift; sourceTree = "<group>"; };
		F9B277DF25D7ADC100385E18 /* SplashInteractorTests.swift */ = {isa = PBXFileReference; lastKnownFileType = sourcecode.swift; path = SplashInteractorTests.swift; sourceTree = "<group>"; };
		F9B277E125D7ADC100385E18 /* SplashPresenterTests.swift */ = {isa = PBXFileReference; lastKnownFileType = sourcecode.swift; path = SplashPresenterTests.swift; sourceTree = "<group>"; };
		F9B2780A25D88B3D00385E18 /* ExploreViewControllerTests.swift */ = {isa = PBXFileReference; lastKnownFileType = sourcecode.swift; path = ExploreViewControllerTests.swift; sourceTree = "<group>"; };
		F9B2780B25D88B3D00385E18 /* ExploreInteractorTests.swift */ = {isa = PBXFileReference; lastKnownFileType = sourcecode.swift; path = ExploreInteractorTests.swift; sourceTree = "<group>"; };
		F9B2780D25D88B3D00385E18 /* ExplorePresenterTests.swift */ = {isa = PBXFileReference; lastKnownFileType = sourcecode.swift; path = ExplorePresenterTests.swift; sourceTree = "<group>"; };
		F9B2783825D8B8E600385E18 /* NetworkError.swift */ = {isa = PBXFileReference; lastKnownFileType = sourcecode.swift; path = NetworkError.swift; sourceTree = "<group>"; };
		F9B2784125D8E97600385E18 /* Seeds.swift */ = {isa = PBXFileReference; lastKnownFileType = sourcecode.swift; path = Seeds.swift; sourceTree = "<group>"; };
		F9C497D225D0CA110098A309 /* Unsplashrimp.app */ = {isa = PBXFileReference; explicitFileType = wrapper.application; includeInIndex = 0; path = Unsplashrimp.app; sourceTree = BUILT_PRODUCTS_DIR; };
		F9C497D525D0CA120098A309 /* AppDelegate.swift */ = {isa = PBXFileReference; lastKnownFileType = sourcecode.swift; path = AppDelegate.swift; sourceTree = "<group>"; };
		F9C497DE25D0CA130098A309 /* Images.xcassets */ = {isa = PBXFileReference; lastKnownFileType = folder.assetcatalog; path = Images.xcassets; sourceTree = "<group>"; };
		F9C497E125D0CA130098A309 /* Base */ = {isa = PBXFileReference; lastKnownFileType = file.storyboard; name = Base; path = Base.lproj/LaunchScreen.storyboard; sourceTree = "<group>"; };
		F9C497E325D0CA130098A309 /* Info.plist */ = {isa = PBXFileReference; lastKnownFileType = text.plist.xml; path = Info.plist; sourceTree = "<group>"; };
		F9C497E825D0CA130098A309 /* UnsplashrimpTests.xctest */ = {isa = PBXFileReference; explicitFileType = wrapper.cfbundle; includeInIndex = 0; path = UnsplashrimpTests.xctest; sourceTree = BUILT_PRODUCTS_DIR; };
		F9C497EC25D0CA130098A309 /* UnsplashrimpTests.swift */ = {isa = PBXFileReference; lastKnownFileType = sourcecode.swift; path = UnsplashrimpTests.swift; sourceTree = "<group>"; };
		F9C497EE25D0CA130098A309 /* Info.plist */ = {isa = PBXFileReference; lastKnownFileType = text.plist.xml; path = Info.plist; sourceTree = "<group>"; };
		F9C497F325D0CA130098A309 /* UnsplashrimpUITests.xctest */ = {isa = PBXFileReference; explicitFileType = wrapper.cfbundle; includeInIndex = 0; path = UnsplashrimpUITests.xctest; sourceTree = BUILT_PRODUCTS_DIR; };
		F9C497F725D0CA130098A309 /* UnsplashrimpUITests.swift */ = {isa = PBXFileReference; lastKnownFileType = sourcecode.swift; path = UnsplashrimpUITests.swift; sourceTree = "<group>"; };
		F9C497F925D0CA130098A309 /* Info.plist */ = {isa = PBXFileReference; lastKnownFileType = text.plist.xml; path = Info.plist; sourceTree = "<group>"; };
		F9C4983C25D0D3A50098A309 /* SplashPresenter.swift */ = {isa = PBXFileReference; lastKnownFileType = sourcecode.swift; path = SplashPresenter.swift; sourceTree = "<group>"; };
		F9C4983E25D0D3A50098A309 /* SplashRouter.swift */ = {isa = PBXFileReference; lastKnownFileType = sourcecode.swift; path = SplashRouter.swift; sourceTree = "<group>"; };
		F9C4983F25D0D3A50098A309 /* SplashModels.swift */ = {isa = PBXFileReference; lastKnownFileType = sourcecode.swift; path = SplashModels.swift; sourceTree = "<group>"; };
		F9C4984025D0D3A50098A309 /* SplashViewController.swift */ = {isa = PBXFileReference; lastKnownFileType = sourcecode.swift; path = SplashViewController.swift; sourceTree = "<group>"; };
		F9C4984125D0D3A50098A309 /* SplashInteractor.swift */ = {isa = PBXFileReference; lastKnownFileType = sourcecode.swift; path = SplashInteractor.swift; sourceTree = "<group>"; };
		F9C4985125D0D3BC0098A309 /* Splash.storyboard */ = {isa = PBXFileReference; lastKnownFileType = file.storyboard; path = Splash.storyboard; sourceTree = "<group>"; };
		F9C4986525D0D58B0098A309 /* Log.swift */ = {isa = PBXFileReference; lastKnownFileType = sourcecode.swift; path = Log.swift; sourceTree = "<group>"; };
		F9C4986D25D0D5960098A309 /* LogEvent.swift */ = {isa = PBXFileReference; lastKnownFileType = sourcecode.swift; path = LogEvent.swift; sourceTree = "<group>"; };
		F9C4987225D0D5FD0098A309 /* BaseViewController.swift */ = {isa = PBXFileReference; lastKnownFileType = sourcecode.swift; path = BaseViewController.swift; sourceTree = "<group>"; };
		F9C4987725D0D6040098A309 /* BaseInteractor.swift */ = {isa = PBXFileReference; lastKnownFileType = sourcecode.swift; path = BaseInteractor.swift; sourceTree = "<group>"; };
		F9C4987C25D0D60A0098A309 /* BasePresenter.swift */ = {isa = PBXFileReference; lastKnownFileType = sourcecode.swift; path = BasePresenter.swift; sourceTree = "<group>"; };
		F9C4988125D0D62C0098A309 /* BaseWorker.swift */ = {isa = PBXFileReference; lastKnownFileType = sourcecode.swift; path = BaseWorker.swift; sourceTree = "<group>"; };
		F9C4988625D0D6330098A309 /* BaseRouter.swift */ = {isa = PBXFileReference; lastKnownFileType = sourcecode.swift; path = BaseRouter.swift; sourceTree = "<group>"; };
		F9C4989825D0DBDA0098A309 /* ExplorePresenter.swift */ = {isa = PBXFileReference; lastKnownFileType = sourcecode.swift; path = ExplorePresenter.swift; sourceTree = "<group>"; };
		F9C4989A25D0DBDA0098A309 /* ExploreRouter.swift */ = {isa = PBXFileReference; lastKnownFileType = sourcecode.swift; path = ExploreRouter.swift; sourceTree = "<group>"; };
		F9C4989B25D0DBDA0098A309 /* ExploreModels.swift */ = {isa = PBXFileReference; lastKnownFileType = sourcecode.swift; path = ExploreModels.swift; sourceTree = "<group>"; };
		F9C4989C25D0DBDA0098A309 /* ExploreViewController.swift */ = {isa = PBXFileReference; lastKnownFileType = sourcecode.swift; path = ExploreViewController.swift; sourceTree = "<group>"; };
		F9C4989D25D0DBDA0098A309 /* ExploreInteractor.swift */ = {isa = PBXFileReference; lastKnownFileType = sourcecode.swift; path = ExploreInteractor.swift; sourceTree = "<group>"; };
		F9C498A725D0DBEC0098A309 /* SearchPresenter.swift */ = {isa = PBXFileReference; lastKnownFileType = sourcecode.swift; path = SearchPresenter.swift; sourceTree = "<group>"; };
		F9C498A925D0DBEC0098A309 /* SearchRouter.swift */ = {isa = PBXFileReference; lastKnownFileType = sourcecode.swift; path = SearchRouter.swift; sourceTree = "<group>"; };
		F9C498AA25D0DBEC0098A309 /* SearchModels.swift */ = {isa = PBXFileReference; lastKnownFileType = sourcecode.swift; path = SearchModels.swift; sourceTree = "<group>"; };
		F9C498AB25D0DBEC0098A309 /* SearchViewController.swift */ = {isa = PBXFileReference; lastKnownFileType = sourcecode.swift; path = SearchViewController.swift; sourceTree = "<group>"; };
		F9C498AC25D0DBEC0098A309 /* SearchInteractor.swift */ = {isa = PBXFileReference; lastKnownFileType = sourcecode.swift; path = SearchInteractor.swift; sourceTree = "<group>"; };
		F9C498B625D0DBF30098A309 /* Search.storyboard */ = {isa = PBXFileReference; lastKnownFileType = file.storyboard; path = Search.storyboard; sourceTree = "<group>"; };
		F9C498C325D0DC0E0098A309 /* Explore.storyboard */ = {isa = PBXFileReference; lastKnownFileType = file.storyboard; path = Explore.storyboard; sourceTree = "<group>"; };
		F9C498DB25D0E6A80098A309 /* NetworkWorker.swift */ = {isa = PBXFileReference; lastKnownFileType = sourcecode.swift; path = NetworkWorker.swift; sourceTree = "<group>"; };
		F9C498E025D0E6C80098A309 /* UnsplashAPI.swift */ = {isa = PBXFileReference; lastKnownFileType = sourcecode.swift; path = UnsplashAPI.swift; sourceTree = "<group>"; };
/* End PBXFileReference section */

/* Begin PBXFrameworksBuildPhase section */
		F9C497CF25D0CA110098A309 /* Frameworks */ = {
			isa = PBXFrameworksBuildPhase;
			buildActionMask = 2147483647;
			files = (
			);
			runOnlyForDeploymentPostprocessing = 0;
		};
		F9C497E525D0CA130098A309 /* Frameworks */ = {
			isa = PBXFrameworksBuildPhase;
			buildActionMask = 2147483647;
			files = (
			);
			runOnlyForDeploymentPostprocessing = 0;
		};
		F9C497F025D0CA130098A309 /* Frameworks */ = {
			isa = PBXFrameworksBuildPhase;
			buildActionMask = 2147483647;
			files = (
			);
			runOnlyForDeploymentPostprocessing = 0;
		};
/* End PBXFrameworksBuildPhase section */

/* Begin PBXGroup section */
		F922AAA125D48B9D00DA8F60 /* Views */ = {
			isa = PBXGroup;
			children = (
				F922AAA225D48BAC00DA8F60 /* SearchCell.swift */,
			);
			path = Views;
			sourceTree = "<group>";
		};
		F9880BCE25D16CBE00967F46 /* UseCases */ = {
			isa = PBXGroup;
			children = (
				F9880BF225D26D5C00967F46 /* Topic.swift */,
				F9880BF725D27F9200967F46 /* Photo.swift */,
				F988F01825D4910400AC4DA4 /* PaginationResponse.swift */,
			);
			path = UseCases;
			sourceTree = "<group>";
		};
		F9880C1925D288A700967F46 /* Extensions */ = {
			isa = PBXGroup;
			children = (
				F9880CAB25D3221000967F46 /* Foundation */,
				F9880C1A25D288B000967F46 /* UIKit */,
			);
			path = Extensions;
			sourceTree = "<group>";
		};
		F9880C1A25D288B000967F46 /* UIKit */ = {
			isa = PBXGroup;
			children = (
				F9880C1B25D288BD00967F46 /* UIImageView.swift */,
				F9880C5625D29AB500967F46 /* UINavigationBar.swift */,
				F941138B25D430C0008132A4 /* UIColor.swift */,
				F988F0A225D6630A00AC4DA4 /* UITableView.swift */,
				F988F0AF25D664BE00AC4DA4 /* UICollectionView.swift */,
				F988F0BC25D6687800AC4DA4 /* UIStoryboard.swift */,
				F988F0D025D66B9400AC4DA4 /* UIViewController.swift */,
			);
			path = UIKit;
			sourceTree = "<group>";
		};
		F9880C5225D297DF00967F46 /* Detail */ = {
			isa = PBXGroup;
			children = (
				F988F03225D4A74400AC4DA4 /* Detail.storyboard */,
				F988F02725D4A72C00AC4DA4 /* DetailViewController.swift */,
				F988F02825D4A72C00AC4DA4 /* DetailInteractor.swift */,
				F988F02325D4A72C00AC4DA4 /* DetailPresenter.swift */,
				F988F02525D4A72C00AC4DA4 /* DetailRouter.swift */,
				F988F02625D4A72C00AC4DA4 /* DetailModels.swift */,
				F988F07425D64DE400AC4DA4 /* Routable Type */,
				F988F04525D4CF3D00AC4DA4 /* Views */,
			);
			path = Detail;
			sourceTree = "<group>";
		};
		F9880C7525D2ADDC00967F46 /* Views */ = {
			isa = PBXGroup;
			children = (
				F9880C9F25D2F37500967F46 /* TopicCell.swift */,
				F9880C0F25D2823100967F46 /* PhotoCell.swift */,
			);
			path = Views;
			sourceTree = "<group>";
		};
		F9880C8325D2E75C00967F46 /* Constants */ = {
			isa = PBXGroup;
			children = (
				F9880C8425D2E76400967F46 /* Device.swift */,
			);
			path = Constants;
			sourceTree = "<group>";
		};
		F9880CAB25D3221000967F46 /* Foundation */ = {
			isa = PBXGroup;
			children = (
				F9880CAC25D3221600967F46 /* CGFloat.swift */,
				F988F0AA25D6639E00AC4DA4 /* NSObject.swift */,
			);
			path = Foundation;
			sourceTree = "<group>";
		};
		F988F04525D4CF3D00AC4DA4 /* Views */ = {
			isa = PBXGroup;
			children = (
				F988F04625D4CF5600AC4DA4 /* DetailCell.swift */,
			);
			path = Views;
			sourceTree = "<group>";
		};
		F988F07425D64DE400AC4DA4 /* Routable Type */ = {
			isa = PBXGroup;
			children = (
				F988F07A25D64E2300AC4DA4 /* DetailRoutableDisplayLogic.swift */,
				F988F07525D64E0700AC4DA4 /* DetailRoutableDataStore.swift */,
			);
			path = "Routable Type";
			sourceTree = "<group>";
		};
		F988F0C425D66AE900AC4DA4 /* Components */ = {
			isa = PBXGroup;
			children = (
				F988F0C525D66AFA00AC4DA4 /* TransparentNavigationController.swift */,
				F988F0E025D723C200AC4DA4 /* MainTabBarController.swift */,
			);
			path = Components;
			sourceTree = "<group>";
		};
		F988F12D25D77BAC00AC4DA4 /* Unsplash */ = {
			isa = PBXGroup;
			children = (
				F9C498E025D0E6C80098A309 /* UnsplashAPI.swift */,
				F988F12E25D77BBF00AC4DA4 /* UnsplashResponse.swift */,
				F988F13625D77BC800AC4DA4 /* UnsplashErrorResult.swift */,
			);
			path = Unsplash;
			sourceTree = "<group>";
		};
		F9B277DB25D7ADA800385E18 /* Sources */ = {
			isa = PBXGroup;
			children = (
				F9B277DC25D7ADAF00385E18 /* Scenes */,
			);
			path = Sources;
			sourceTree = "<group>";
		};
		F9B277DC25D7ADAF00385E18 /* Scenes */ = {
			isa = PBXGroup;
			children = (
				F9B277DD25D7ADB400385E18 /* Splash */,
				F9B2780925D88B1E00385E18 /* Explore */,
			);
			path = Scenes;
			sourceTree = "<group>";
		};
		F9B277DD25D7ADB400385E18 /* Splash */ = {
			isa = PBXGroup;
			children = (
				F9B277DE25D7ADC100385E18 /* SplashViewControllerTests.swift */,
				F9B277DF25D7ADC100385E18 /* SplashInteractorTests.swift */,
				F9B277E125D7ADC100385E18 /* SplashPresenterTests.swift */,
			);
			path = Splash;
			sourceTree = "<group>";
		};
		F9B2780925D88B1E00385E18 /* Explore */ = {
			isa = PBXGroup;
			children = (
				F9B2780A25D88B3D00385E18 /* ExploreViewControllerTests.swift */,
				F9B2780B25D88B3D00385E18 /* ExploreInteractorTests.swift */,
				F9B2780D25D88B3D00385E18 /* ExplorePresenterTests.swift */,
			);
			path = Explore;
			sourceTree = "<group>";
		};
		F9B2784025D8E96C00385E18 /* Resources */ = {
			isa = PBXGroup;
			children = (
				F9B2784125D8E97600385E18 /* Seeds.swift */,
			);
			path = Resources;
			sourceTree = "<group>";
		};
		F9C497C925D0CA110098A309 = {
			isa = PBXGroup;
			children = (
				F9C497D425D0CA110098A309 /* Unsplashrimp */,
				F9C497EB25D0CA130098A309 /* UnsplashrimpTests */,
				F9C497F625D0CA130098A309 /* UnsplashrimpUITests */,
				F9C497D325D0CA110098A309 /* Products */,
			);
			sourceTree = "<group>";
		};
		F9C497D325D0CA110098A309 /* Products */ = {
			isa = PBXGroup;
			children = (
				F9C497D225D0CA110098A309 /* Unsplashrimp.app */,
				F9C497E825D0CA130098A309 /* UnsplashrimpTests.xctest */,
				F9C497F325D0CA130098A309 /* UnsplashrimpUITests.xctest */,
			);
			name = Products;
			sourceTree = "<group>";
		};
		F9C497D425D0CA110098A309 /* Unsplashrimp */ = {
			isa = PBXGroup;
			children = (
				F9C4981125D0CACC0098A309 /* Sources */,
				F9C4982025D0CB340098A309 /* Resources */,
				F9C4982325D0CB540098A309 /* Supportings */,
			);
			path = Unsplashrimp;
			sourceTree = "<group>";
		};
		F9C497EB25D0CA130098A309 /* UnsplashrimpTests */ = {
			isa = PBXGroup;
			children = (
				F9B277DB25D7ADA800385E18 /* Sources */,
				F9B2784025D8E96C00385E18 /* Resources */,
				F9C497EC25D0CA130098A309 /* UnsplashrimpTests.swift */,
				F9C497EE25D0CA130098A309 /* Info.plist */,
			);
			path = UnsplashrimpTests;
			sourceTree = "<group>";
		};
		F9C497F625D0CA130098A309 /* UnsplashrimpUITests */ = {
			isa = PBXGroup;
			children = (
				F9C497F725D0CA130098A309 /* UnsplashrimpUITests.swift */,
				F9C497F925D0CA130098A309 /* Info.plist */,
			);
			path = UnsplashrimpUITests;
			sourceTree = "<group>";
		};
		F9C4981125D0CACC0098A309 /* Sources */ = {
			isa = PBXGroup;
			children = (
				F9C4981525D0CB140098A309 /* Application */,
				F9C4981925D0CB1A0098A309 /* Scenes */,
				F9C498D125D0E6330098A309 /* Workers */,
				F9880BCE25D16CBE00967F46 /* UseCases */,
				F9C4985E25D0D4C80098A309 /* Commons */,
			);
			path = Sources;
			sourceTree = "<group>";
		};
		F9C4981525D0CB140098A309 /* Application */ = {
			isa = PBXGroup;
			children = (
				F9C497D525D0CA120098A309 /* AppDelegate.swift */,
			);
			path = Application;
			sourceTree = "<group>";
		};
		F9C4981925D0CB1A0098A309 /* Scenes */ = {
			isa = PBXGroup;
			children = (
				F9C4982425D0CB7C0098A309 /* Splash */,
				F9C4982525D0CB850098A309 /* Explore */,
				F9C4982625D0CB8F0098A309 /* Search */,
				F9880C5225D297DF00967F46 /* Detail */,
			);
			path = Scenes;
			sourceTree = "<group>";
		};
		F9C4982025D0CB340098A309 /* Resources */ = {
			isa = PBXGroup;
			children = (
				F9C4982125D0CB410098A309 /* Assets */,
				F9C4982225D0CB4C0098A309 /* Storyboards */,
			);
			path = Resources;
			sourceTree = "<group>";
		};
		F9C4982125D0CB410098A309 /* Assets */ = {
			isa = PBXGroup;
			children = (
				F9C497DE25D0CA130098A309 /* Images.xcassets */,
			);
			path = Assets;
			sourceTree = "<group>";
		};
		F9C4982225D0CB4C0098A309 /* Storyboards */ = {
			isa = PBXGroup;
			children = (
				F9C497E025D0CA130098A309 /* LaunchScreen.storyboard */,
			);
			path = Storyboards;
			sourceTree = "<group>";
		};
		F9C4982325D0CB540098A309 /* Supportings */ = {
			isa = PBXGroup;
			children = (
				F9C4989125D0D8B90098A309 /* plists */,
			);
			path = Supportings;
			sourceTree = "<group>";
		};
		F9C4982425D0CB7C0098A309 /* Splash */ = {
			isa = PBXGroup;
			children = (
				F9C4985125D0D3BC0098A309 /* Splash.storyboard */,
				F9C4984025D0D3A50098A309 /* SplashViewController.swift */,
				F9C4984125D0D3A50098A309 /* SplashInteractor.swift */,
				F9C4983C25D0D3A50098A309 /* SplashPresenter.swift */,
				F9C4983E25D0D3A50098A309 /* SplashRouter.swift */,
				F9C4983F25D0D3A50098A309 /* SplashModels.swift */,
			);
			path = Splash;
			sourceTree = "<group>";
		};
		F9C4982525D0CB850098A309 /* Explore */ = {
			isa = PBXGroup;
			children = (
				F9C498C325D0DC0E0098A309 /* Explore.storyboard */,
				F9C4989C25D0DBDA0098A309 /* ExploreViewController.swift */,
				F9C4989D25D0DBDA0098A309 /* ExploreInteractor.swift */,
				F9C4989825D0DBDA0098A309 /* ExplorePresenter.swift */,
				F9C4989A25D0DBDA0098A309 /* ExploreRouter.swift */,
				F9C4989B25D0DBDA0098A309 /* ExploreModels.swift */,
				F9880C7525D2ADDC00967F46 /* Views */,
			);
			path = Explore;
			sourceTree = "<group>";
		};
		F9C4982625D0CB8F0098A309 /* Search */ = {
			isa = PBXGroup;
			children = (
				F9C498B625D0DBF30098A309 /* Search.storyboard */,
				F9C498AB25D0DBEC0098A309 /* SearchViewController.swift */,
				F9C498AC25D0DBEC0098A309 /* SearchInteractor.swift */,
				F9C498A725D0DBEC0098A309 /* SearchPresenter.swift */,
				F9C498A925D0DBEC0098A309 /* SearchRouter.swift */,
				F9C498AA25D0DBEC0098A309 /* SearchModels.swift */,
				F922AAA125D48B9D00DA8F60 /* Views */,
			);
			path = Search;
			sourceTree = "<group>";
		};
		F9C4985E25D0D4C80098A309 /* Commons */ = {
			isa = PBXGroup;
			children = (
				F988F0C425D66AE900AC4DA4 /* Components */,
				F9880C8325D2E75C00967F46 /* Constants */,
				F9880C1925D288A700967F46 /* Extensions */,
				F9C4985F25D0D4DF0098A309 /* Bases */,
				F9C4986325D0D53C0098A309 /* Utils */,
			);
			path = Commons;
			sourceTree = "<group>";
		};
		F9C4985F25D0D4DF0098A309 /* Bases */ = {
			isa = PBXGroup;
			children = (
				F9C4987225D0D5FD0098A309 /* BaseViewController.swift */,
				F9C4987725D0D6040098A309 /* BaseInteractor.swift */,
				F9C4987C25D0D60A0098A309 /* BasePresenter.swift */,
				F9C4988125D0D62C0098A309 /* BaseWorker.swift */,
				F9C4988625D0D6330098A309 /* BaseRouter.swift */,
			);
			path = Bases;
			sourceTree = "<group>";
		};
		F9C4986325D0D53C0098A309 /* Utils */ = {
			isa = PBXGroup;
			children = (
				F9C4986425D0D5630098A309 /* Logger */,
			);
			path = Utils;
			sourceTree = "<group>";
		};
		F9C4986425D0D5630098A309 /* Logger */ = {
			isa = PBXGroup;
			children = (
				F9C4986525D0D58B0098A309 /* Log.swift */,
				F9C4986D25D0D5960098A309 /* LogEvent.swift */,
			);
			path = Logger;
			sourceTree = "<group>";
		};
		F9C4989125D0D8B90098A309 /* plists */ = {
			isa = PBXGroup;
			children = (
				F9C497E325D0CA130098A309 /* Info.plist */,
				F9880BE525D1E12B00967F46 /* Key.plist */,
			);
			path = plists;
			sourceTree = "<group>";
		};
		F9C498D125D0E6330098A309 /* Workers */ = {
			isa = PBXGroup;
			children = (
				F9C498D225D0E67D0098A309 /* Networking */,
			);
			path = Workers;
			sourceTree = "<group>";
		};
		F9C498D225D0E67D0098A309 /* Networking */ = {
			isa = PBXGroup;
			children = (
				F988F12D25D77BAC00AC4DA4 /* Unsplash */,
				F9C498DB25D0E6A80098A309 /* NetworkWorker.swift */,
				F9B2783825D8B8E600385E18 /* NetworkError.swift */,
				F9880BDA25D16D0F00967F46 /* TargetType.swift */,
				F9880BEA25D1E46900967F46 /* HTTPMethod.swift */,
			);
			path = Networking;
			sourceTree = "<group>";
		};
/* End PBXGroup section */

/* Begin PBXNativeTarget section */
		F9C497D125D0CA110098A309 /* Unsplashrimp */ = {
			isa = PBXNativeTarget;
			buildConfigurationList = F9C497FC25D0CA130098A309 /* Build configuration list for PBXNativeTarget "Unsplashrimp" */;
			buildPhases = (
				F9C497CE25D0CA110098A309 /* Sources */,
				F9C497CF25D0CA110098A309 /* Frameworks */,
				F9C497D025D0CA110098A309 /* Resources */,
			);
			buildRules = (
			);
			dependencies = (
			);
			name = Unsplashrimp;
			productName = Unsplashrimp;
			productReference = F9C497D225D0CA110098A309 /* Unsplashrimp.app */;
			productType = "com.apple.product-type.application";
		};
		F9C497E725D0CA130098A309 /* UnsplashrimpTests */ = {
			isa = PBXNativeTarget;
			buildConfigurationList = F9C497FF25D0CA130098A309 /* Build configuration list for PBXNativeTarget "UnsplashrimpTests" */;
			buildPhases = (
				F9C497E425D0CA130098A309 /* Sources */,
				F9C497E525D0CA130098A309 /* Frameworks */,
				F9C497E625D0CA130098A309 /* Resources */,
			);
			buildRules = (
			);
			dependencies = (
				F9C497EA25D0CA130098A309 /* PBXTargetDependency */,
			);
			name = UnsplashrimpTests;
			productName = UnsplashrimpTests;
			productReference = F9C497E825D0CA130098A309 /* UnsplashrimpTests.xctest */;
			productType = "com.apple.product-type.bundle.unit-test";
		};
		F9C497F225D0CA130098A309 /* UnsplashrimpUITests */ = {
			isa = PBXNativeTarget;
			buildConfigurationList = F9C4980225D0CA130098A309 /* Build configuration list for PBXNativeTarget "UnsplashrimpUITests" */;
			buildPhases = (
				F9C497EF25D0CA130098A309 /* Sources */,
				F9C497F025D0CA130098A309 /* Frameworks */,
				F9C497F125D0CA130098A309 /* Resources */,
			);
			buildRules = (
			);
			dependencies = (
				F9C497F525D0CA130098A309 /* PBXTargetDependency */,
			);
			name = UnsplashrimpUITests;
			productName = UnsplashrimpUITests;
			productReference = F9C497F325D0CA130098A309 /* UnsplashrimpUITests.xctest */;
			productType = "com.apple.product-type.bundle.ui-testing";
		};
/* End PBXNativeTarget section */

/* Begin PBXProject section */
		F9C497CA25D0CA110098A309 /* Project object */ = {
			isa = PBXProject;
			attributes = {
				LastSwiftUpdateCheck = 1230;
				LastUpgradeCheck = 1230;
				TargetAttributes = {
					F9C497D125D0CA110098A309 = {
						CreatedOnToolsVersion = 12.3;
					};
					F9C497E725D0CA130098A309 = {
						CreatedOnToolsVersion = 12.3;
						TestTargetID = F9C497D125D0CA110098A309;
					};
					F9C497F225D0CA130098A309 = {
						CreatedOnToolsVersion = 12.3;
						TestTargetID = F9C497D125D0CA110098A309;
					};
				};
			};
			buildConfigurationList = F9C497CD25D0CA110098A309 /* Build configuration list for PBXProject "Unsplashrimp" */;
			compatibilityVersion = "Xcode 9.3";
			developmentRegion = en;
			hasScannedForEncodings = 0;
			knownRegions = (
				en,
				Base,
			);
			mainGroup = F9C497C925D0CA110098A309;
			productRefGroup = F9C497D325D0CA110098A309 /* Products */;
			projectDirPath = "";
			projectRoot = "";
			targets = (
				F9C497D125D0CA110098A309 /* Unsplashrimp */,
				F9C497E725D0CA130098A309 /* UnsplashrimpTests */,
				F9C497F225D0CA130098A309 /* UnsplashrimpUITests */,
			);
		};
/* End PBXProject section */

/* Begin PBXResourcesBuildPhase section */
		F9C497D025D0CA110098A309 /* Resources */ = {
			isa = PBXResourcesBuildPhase;
			buildActionMask = 2147483647;
			files = (
				F9C497E225D0CA130098A309 /* LaunchScreen.storyboard in Resources */,
				F9C497DF25D0CA130098A309 /* Images.xcassets in Resources */,
				F9C498C425D0DC0E0098A309 /* Explore.storyboard in Resources */,
				F9880BE625D1E12B00967F46 /* Key.plist in Resources */,
				F988F03325D4A74400AC4DA4 /* Detail.storyboard in Resources */,
				F9C498B725D0DBF30098A309 /* Search.storyboard in Resources */,
				F9C4985225D0D3BC0098A309 /* Splash.storyboard in Resources */,
			);
			runOnlyForDeploymentPostprocessing = 0;
		};
		F9C497E625D0CA130098A309 /* Resources */ = {
			isa = PBXResourcesBuildPhase;
			buildActionMask = 2147483647;
			files = (
			);
			runOnlyForDeploymentPostprocessing = 0;
		};
		F9C497F125D0CA130098A309 /* Resources */ = {
			isa = PBXResourcesBuildPhase;
			buildActionMask = 2147483647;
			files = (
			);
			runOnlyForDeploymentPostprocessing = 0;
		};
/* End PBXResourcesBuildPhase section */

/* Begin PBXSourcesBuildPhase section */
		F9C497CE25D0CA110098A309 /* Sources */ = {
			isa = PBXSourcesBuildPhase;
			buildActionMask = 2147483647;
			files = (
				F988F0D125D66B9400AC4DA4 /* UIViewController.swift in Sources */,
				F9B2783925D8B8E600385E18 /* NetworkError.swift in Sources */,
				F988F0BD25D6687800AC4DA4 /* UIStoryboard.swift in Sources */,
				F9C4984525D0D3A50098A309 /* SplashModels.swift in Sources */,
				F941138C25D430C0008132A4 /* UIColor.swift in Sources */,
				F988F01925D4910400AC4DA4 /* PaginationResponse.swift in Sources */,
				F988F0C625D66AFA00AC4DA4 /* TransparentNavigationController.swift in Sources */,
				F9C4987D25D0D60A0098A309 /* BasePresenter.swift in Sources */,
				F9C4984425D0D3A50098A309 /* SplashRouter.swift in Sources */,
				F9C497D625D0CA120098A309 /* AppDelegate.swift in Sources */,
				F9880BF325D26D5C00967F46 /* Topic.swift in Sources */,
				F988F13725D77BC800AC4DA4 /* UnsplashErrorResult.swift in Sources */,
				F9C498DC25D0E6A80098A309 /* NetworkWorker.swift in Sources */,
				F988F0A325D6630A00AC4DA4 /* UITableView.swift in Sources */,
				F9C4986E25D0D5960098A309 /* LogEvent.swift in Sources */,
				F988F02E25D4A72C00AC4DA4 /* DetailInteractor.swift in Sources */,
				F9880CAD25D3221600967F46 /* CGFloat.swift in Sources */,
				F9C4989E25D0DBDA0098A309 /* ExplorePresenter.swift in Sources */,
				F988F02B25D4A72C00AC4DA4 /* DetailRouter.swift in Sources */,
				F9880BDB25D16D0F00967F46 /* TargetType.swift in Sources */,
				F988F12F25D77BBF00AC4DA4 /* UnsplashResponse.swift in Sources */,
				F9880CA025D2F37500967F46 /* TopicCell.swift in Sources */,
				F988F02925D4A72C00AC4DA4 /* DetailPresenter.swift in Sources */,
				F988F0B025D664BE00AC4DA4 /* UICollectionView.swift in Sources */,
				F9C498A325D0DBDA0098A309 /* ExploreInteractor.swift in Sources */,
				F988F0AB25D6639E00AC4DA4 /* NSObject.swift in Sources */,
				F988F04725D4CF5600AC4DA4 /* DetailCell.swift in Sources */,
				F9880C8525D2E76400967F46 /* Device.swift in Sources */,
				F9C4987325D0D5FD0098A309 /* BaseViewController.swift in Sources */,
				F9C498A125D0DBDA0098A309 /* ExploreModels.swift in Sources */,
				F9880C5725D29AB500967F46 /* UINavigationBar.swift in Sources */,
				F988F02C25D4A72C00AC4DA4 /* DetailModels.swift in Sources */,
				F988F07625D64E0700AC4DA4 /* DetailRoutableDataStore.swift in Sources */,
				F9C498E125D0E6C80098A309 /* UnsplashAPI.swift in Sources */,
				F9880C1C25D288BD00967F46 /* UIImageView.swift in Sources */,
				F9C4984625D0D3A50098A309 /* SplashViewController.swift in Sources */,
				F9C4984225D0D3A50098A309 /* SplashPresenter.swift in Sources */,
				F9880BF825D27F9200967F46 /* Photo.swift in Sources */,
				F9C498AF25D0DBEC0098A309 /* SearchRouter.swift in Sources */,
				F9880C1125D2823100967F46 /* PhotoCell.swift in Sources */,
				F9C4988725D0D6330098A309 /* BaseRouter.swift in Sources */,
				F9C498B125D0DBEC0098A309 /* SearchViewController.swift in Sources */,
				F9880BEB25D1E46900967F46 /* HTTPMethod.swift in Sources */,
				F922AAA325D48BAC00DA8F60 /* SearchCell.swift in Sources */,
				F9C498B225D0DBEC0098A309 /* SearchInteractor.swift in Sources */,
				F9C4987825D0D6040098A309 /* BaseInteractor.swift in Sources */,
				F988F02D25D4A72C00AC4DA4 /* DetailViewController.swift in Sources */,
				F9C498A225D0DBDA0098A309 /* ExploreViewController.swift in Sources */,
				F9C4988225D0D62C0098A309 /* BaseWorker.swift in Sources */,
				F9C498A025D0DBDA0098A309 /* ExploreRouter.swift in Sources */,
				F9C4986625D0D58B0098A309 /* Log.swift in Sources */,
				F988F07B25D64E2300AC4DA4 /* DetailRoutableDisplayLogic.swift in Sources */,
				F9C4984725D0D3A50098A309 /* SplashInteractor.swift in Sources */,
				F9C498AD25D0DBEC0098A309 /* SearchPresenter.swift in Sources */,
				F988F0E125D723C200AC4DA4 /* MainTabBarController.swift in Sources */,
				F9C498B025D0DBEC0098A309 /* SearchModels.swift in Sources */,
			);
			runOnlyForDeploymentPostprocessing = 0;
		};
		F9C497E425D0CA130098A309 /* Sources */ = {
			isa = PBXSourcesBuildPhase;
			buildActionMask = 2147483647;
			files = (
				F9B2781125D88B3D00385E18 /* ExplorePresenterTests.swift in Sources */,
				F9B2780F25D88B3D00385E18 /* ExploreInteractorTests.swift in Sources */,
				F9B2784225D8E97600385E18 /* Seeds.swift in Sources */,
				F9C497ED25D0CA130098A309 /* UnsplashrimpTests.swift in Sources */,
				F9B2780E25D88B3D00385E18 /* ExploreViewControllerTests.swift in Sources */,
				F9B277E525D7ADC100385E18 /* SplashPresenterTests.swift in Sources */,
				F9B277E325D7ADC100385E18 /* SplashInteractorTests.swift in Sources */,
				F9B277E225D7ADC100385E18 /* SplashViewControllerTests.swift in Sources */,
			);
			runOnlyForDeploymentPostprocessing = 0;
		};
		F9C497EF25D0CA130098A309 /* Sources */ = {
			isa = PBXSourcesBuildPhase;
			buildActionMask = 2147483647;
			files = (
				F9C497F825D0CA130098A309 /* UnsplashrimpUITests.swift in Sources */,
			);
			runOnlyForDeploymentPostprocessing = 0;
		};
/* End PBXSourcesBuildPhase section */

/* Begin PBXTargetDependency section */
		F9C497EA25D0CA130098A309 /* PBXTargetDependency */ = {
			isa = PBXTargetDependency;
			target = F9C497D125D0CA110098A309 /* Unsplashrimp */;
			targetProxy = F9C497E925D0CA130098A309 /* PBXContainerItemProxy */;
		};
		F9C497F525D0CA130098A309 /* PBXTargetDependency */ = {
			isa = PBXTargetDependency;
			target = F9C497D125D0CA110098A309 /* Unsplashrimp */;
			targetProxy = F9C497F425D0CA130098A309 /* PBXContainerItemProxy */;
		};
/* End PBXTargetDependency section */

/* Begin PBXVariantGroup section */
		F9C497E025D0CA130098A309 /* LaunchScreen.storyboard */ = {
			isa = PBXVariantGroup;
			children = (
				F9C497E125D0CA130098A309 /* Base */,
			);
			name = LaunchScreen.storyboard;
			sourceTree = "<group>";
		};
/* End PBXVariantGroup section */

/* Begin XCBuildConfiguration section */
		F9C497FA25D0CA130098A309 /* Debug */ = {
			isa = XCBuildConfiguration;
			buildSettings = {
				ALWAYS_SEARCH_USER_PATHS = NO;
				CLANG_ANALYZER_NONNULL = YES;
				CLANG_ANALYZER_NUMBER_OBJECT_CONVERSION = YES_AGGRESSIVE;
				CLANG_CXX_LANGUAGE_STANDARD = "gnu++14";
				CLANG_CXX_LIBRARY = "libc++";
				CLANG_ENABLE_MODULES = YES;
				CLANG_ENABLE_OBJC_ARC = YES;
				CLANG_ENABLE_OBJC_WEAK = YES;
				CLANG_WARN_BLOCK_CAPTURE_AUTORELEASING = YES;
				CLANG_WARN_BOOL_CONVERSION = YES;
				CLANG_WARN_COMMA = YES;
				CLANG_WARN_CONSTANT_CONVERSION = YES;
				CLANG_WARN_DEPRECATED_OBJC_IMPLEMENTATIONS = YES;
				CLANG_WARN_DIRECT_OBJC_ISA_USAGE = YES_ERROR;
				CLANG_WARN_DOCUMENTATION_COMMENTS = YES;
				CLANG_WARN_EMPTY_BODY = YES;
				CLANG_WARN_ENUM_CONVERSION = YES;
				CLANG_WARN_INFINITE_RECURSION = YES;
				CLANG_WARN_INT_CONVERSION = YES;
				CLANG_WARN_NON_LITERAL_NULL_CONVERSION = YES;
				CLANG_WARN_OBJC_IMPLICIT_RETAIN_SELF = YES;
				CLANG_WARN_OBJC_LITERAL_CONVERSION = YES;
				CLANG_WARN_OBJC_ROOT_CLASS = YES_ERROR;
				CLANG_WARN_QUOTED_INCLUDE_IN_FRAMEWORK_HEADER = YES;
				CLANG_WARN_RANGE_LOOP_ANALYSIS = YES;
				CLANG_WARN_STRICT_PROTOTYPES = YES;
				CLANG_WARN_SUSPICIOUS_MOVE = YES;
				CLANG_WARN_UNGUARDED_AVAILABILITY = YES_AGGRESSIVE;
				CLANG_WARN_UNREACHABLE_CODE = YES;
				CLANG_WARN__DUPLICATE_METHOD_MATCH = YES;
				COPY_PHASE_STRIP = NO;
				DEBUG_INFORMATION_FORMAT = dwarf;
				ENABLE_STRICT_OBJC_MSGSEND = YES;
				ENABLE_TESTABILITY = YES;
				GCC_C_LANGUAGE_STANDARD = gnu11;
				GCC_DYNAMIC_NO_PIC = NO;
				GCC_NO_COMMON_BLOCKS = YES;
				GCC_OPTIMIZATION_LEVEL = 0;
				GCC_PREPROCESSOR_DEFINITIONS = (
					"DEBUG=1",
					"$(inherited)",
				);
				GCC_WARN_64_TO_32_BIT_CONVERSION = YES;
				GCC_WARN_ABOUT_RETURN_TYPE = YES_ERROR;
				GCC_WARN_UNDECLARED_SELECTOR = YES;
				GCC_WARN_UNINITIALIZED_AUTOS = YES_AGGRESSIVE;
				GCC_WARN_UNUSED_FUNCTION = YES;
				GCC_WARN_UNUSED_VARIABLE = YES;
				IPHONEOS_DEPLOYMENT_TARGET = 14.3;
				MTL_ENABLE_DEBUG_INFO = INCLUDE_SOURCE;
				MTL_FAST_MATH = YES;
				ONLY_ACTIVE_ARCH = YES;
				SDKROOT = iphoneos;
				SWIFT_ACTIVE_COMPILATION_CONDITIONS = DEBUG;
				SWIFT_OPTIMIZATION_LEVEL = "-Onone";
			};
			name = Debug;
		};
		F9C497FB25D0CA130098A309 /* Release */ = {
			isa = XCBuildConfiguration;
			buildSettings = {
				ALWAYS_SEARCH_USER_PATHS = NO;
				CLANG_ANALYZER_NONNULL = YES;
				CLANG_ANALYZER_NUMBER_OBJECT_CONVERSION = YES_AGGRESSIVE;
				CLANG_CXX_LANGUAGE_STANDARD = "gnu++14";
				CLANG_CXX_LIBRARY = "libc++";
				CLANG_ENABLE_MODULES = YES;
				CLANG_ENABLE_OBJC_ARC = YES;
				CLANG_ENABLE_OBJC_WEAK = YES;
				CLANG_WARN_BLOCK_CAPTURE_AUTORELEASING = YES;
				CLANG_WARN_BOOL_CONVERSION = YES;
				CLANG_WARN_COMMA = YES;
				CLANG_WARN_CONSTANT_CONVERSION = YES;
				CLANG_WARN_DEPRECATED_OBJC_IMPLEMENTATIONS = YES;
				CLANG_WARN_DIRECT_OBJC_ISA_USAGE = YES_ERROR;
				CLANG_WARN_DOCUMENTATION_COMMENTS = YES;
				CLANG_WARN_EMPTY_BODY = YES;
				CLANG_WARN_ENUM_CONVERSION = YES;
				CLANG_WARN_INFINITE_RECURSION = YES;
				CLANG_WARN_INT_CONVERSION = YES;
				CLANG_WARN_NON_LITERAL_NULL_CONVERSION = YES;
				CLANG_WARN_OBJC_IMPLICIT_RETAIN_SELF = YES;
				CLANG_WARN_OBJC_LITERAL_CONVERSION = YES;
				CLANG_WARN_OBJC_ROOT_CLASS = YES_ERROR;
				CLANG_WARN_QUOTED_INCLUDE_IN_FRAMEWORK_HEADER = YES;
				CLANG_WARN_RANGE_LOOP_ANALYSIS = YES;
				CLANG_WARN_STRICT_PROTOTYPES = YES;
				CLANG_WARN_SUSPICIOUS_MOVE = YES;
				CLANG_WARN_UNGUARDED_AVAILABILITY = YES_AGGRESSIVE;
				CLANG_WARN_UNREACHABLE_CODE = YES;
				CLANG_WARN__DUPLICATE_METHOD_MATCH = YES;
				COPY_PHASE_STRIP = NO;
				DEBUG_INFORMATION_FORMAT = "dwarf-with-dsym";
				ENABLE_NS_ASSERTIONS = NO;
				ENABLE_STRICT_OBJC_MSGSEND = YES;
				GCC_C_LANGUAGE_STANDARD = gnu11;
				GCC_NO_COMMON_BLOCKS = YES;
				GCC_WARN_64_TO_32_BIT_CONVERSION = YES;
				GCC_WARN_ABOUT_RETURN_TYPE = YES_ERROR;
				GCC_WARN_UNDECLARED_SELECTOR = YES;
				GCC_WARN_UNINITIALIZED_AUTOS = YES_AGGRESSIVE;
				GCC_WARN_UNUSED_FUNCTION = YES;
				GCC_WARN_UNUSED_VARIABLE = YES;
				IPHONEOS_DEPLOYMENT_TARGET = 14.3;
				MTL_ENABLE_DEBUG_INFO = NO;
				MTL_FAST_MATH = YES;
				SDKROOT = iphoneos;
				SWIFT_COMPILATION_MODE = wholemodule;
				SWIFT_OPTIMIZATION_LEVEL = "-O";
				VALIDATE_PRODUCT = YES;
			};
			name = Release;
		};
		F9C497FD25D0CA130098A309 /* Debug */ = {
			isa = XCBuildConfiguration;
			buildSettings = {
				ASSETCATALOG_COMPILER_APPICON_NAME = AppIcon;
				ASSETCATALOG_COMPILER_GLOBAL_ACCENT_COLOR_NAME = AccentColor;
				CODE_SIGN_STYLE = Automatic;
				DEVELOPMENT_TEAM = 4YL8LS5ZJC;
				INFOPLIST_FILE = Unsplashrimp/Supportings/plists/Info.plist;
				IPHONEOS_DEPLOYMENT_TARGET = 12.0;
				LD_RUNPATH_SEARCH_PATHS = (
					"$(inherited)",
					"@executable_path/Frameworks",
				);
				PRODUCT_BUNDLE_IDENTIFIER = com.kihyunso.Unsplashrimp;
				PRODUCT_NAME = "$(TARGET_NAME)";
				SWIFT_VERSION = 5.0;
				TARGETED_DEVICE_FAMILY = 1;
			};
			name = Debug;
		};
		F9C497FE25D0CA130098A309 /* Release */ = {
			isa = XCBuildConfiguration;
			buildSettings = {
				ASSETCATALOG_COMPILER_APPICON_NAME = AppIcon;
				ASSETCATALOG_COMPILER_GLOBAL_ACCENT_COLOR_NAME = AccentColor;
				CODE_SIGN_STYLE = Automatic;
				DEVELOPMENT_TEAM = 4YL8LS5ZJC;
				INFOPLIST_FILE = Unsplashrimp/Supportings/plists/Info.plist;
				IPHONEOS_DEPLOYMENT_TARGET = 12.0;
				LD_RUNPATH_SEARCH_PATHS = (
					"$(inherited)",
					"@executable_path/Frameworks",
				);
				PRODUCT_BUNDLE_IDENTIFIER = com.kihyunso.Unsplashrimp;
				PRODUCT_NAME = "$(TARGET_NAME)";
				SWIFT_VERSION = 5.0;
				TARGETED_DEVICE_FAMILY = 1;
			};
			name = Release;
		};
		F9C4980025D0CA130098A309 /* Debug */ = {
			isa = XCBuildConfiguration;
			buildSettings = {
				ALWAYS_EMBED_SWIFT_STANDARD_LIBRARIES = YES;
				BUNDLE_LOADER = "$(TEST_HOST)";
				CODE_SIGN_STYLE = Automatic;
				DEVELOPMENT_TEAM = 4YL8LS5ZJC;
				INFOPLIST_FILE = UnsplashrimpTests/Info.plist;
				IPHONEOS_DEPLOYMENT_TARGET = 14.3;
				LD_RUNPATH_SEARCH_PATHS = (
					"$(inherited)",
					"@executable_path/Frameworks",
					"@loader_path/Frameworks",
				);
				PRODUCT_BUNDLE_IDENTIFIER = com.kihyunso.UnsplashrimpTests;
				PRODUCT_NAME = "$(TARGET_NAME)";
				SWIFT_VERSION = 5.0;
				TARGETED_DEVICE_FAMILY = "1,2";
				TEST_HOST = "$(BUILT_PRODUCTS_DIR)/Unsplashrimp.app/Unsplashrimp";
			};
			name = Debug;
		};
		F9C4980125D0CA130098A309 /* Release */ = {
			isa = XCBuildConfiguration;
			buildSettings = {
				ALWAYS_EMBED_SWIFT_STANDARD_LIBRARIES = YES;
				BUNDLE_LOADER = "$(TEST_HOST)";
				CODE_SIGN_STYLE = Automatic;
				DEVELOPMENT_TEAM = 4YL8LS5ZJC;
				INFOPLIST_FILE = UnsplashrimpTests/Info.plist;
				IPHONEOS_DEPLOYMENT_TARGET = 14.3;
				LD_RUNPATH_SEARCH_PATHS = (
					"$(inherited)",
					"@executable_path/Frameworks",
					"@loader_path/Frameworks",
				);
				PRODUCT_BUNDLE_IDENTIFIER = com.kihyunso.UnsplashrimpTests;
				PRODUCT_NAME = "$(TARGET_NAME)";
				SWIFT_VERSION = 5.0;
				TARGETED_DEVICE_FAMILY = "1,2";
				TEST_HOST = "$(BUILT_PRODUCTS_DIR)/Unsplashrimp.app/Unsplashrimp";
			};
			name = Release;
		};
		F9C4980325D0CA130098A309 /* Debug */ = {
			isa = XCBuildConfiguration;
			buildSettings = {
				ALWAYS_EMBED_SWIFT_STANDARD_LIBRARIES = YES;
				CODE_SIGN_STYLE = Automatic;
				DEVELOPMENT_TEAM = 4YL8LS5ZJC;
				INFOPLIST_FILE = UnsplashrimpUITests/Info.plist;
				LD_RUNPATH_SEARCH_PATHS = (
					"$(inherited)",
					"@executable_path/Frameworks",
					"@loader_path/Frameworks",
				);
				PRODUCT_BUNDLE_IDENTIFIER = com.kihyunso.UnsplashrimpUITests;
				PRODUCT_NAME = "$(TARGET_NAME)";
				SWIFT_VERSION = 5.0;
				TARGETED_DEVICE_FAMILY = "1,2";
				TEST_TARGET_NAME = Unsplashrimp;
			};
			name = Debug;
		};
		F9C4980425D0CA130098A309 /* Release */ = {
			isa = XCBuildConfiguration;
			buildSettings = {
				ALWAYS_EMBED_SWIFT_STANDARD_LIBRARIES = YES;
				CODE_SIGN_STYLE = Automatic;
				DEVELOPMENT_TEAM = 4YL8LS5ZJC;
				INFOPLIST_FILE = UnsplashrimpUITests/Info.plist;
				LD_RUNPATH_SEARCH_PATHS = (
					"$(inherited)",
					"@executable_path/Frameworks",
					"@loader_path/Frameworks",
				);
				PRODUCT_BUNDLE_IDENTIFIER = com.kihyunso.UnsplashrimpUITests;
				PRODUCT_NAME = "$(TARGET_NAME)";
				SWIFT_VERSION = 5.0;
				TARGETED_DEVICE_FAMILY = "1,2";
				TEST_TARGET_NAME = Unsplashrimp;
			};
			name = Release;
		};
/* End XCBuildConfiguration section */

/* Begin XCConfigurationList section */
		F9C497CD25D0CA110098A309 /* Build configuration list for PBXProject "Unsplashrimp" */ = {
			isa = XCConfigurationList;
			buildConfigurations = (
				F9C497FA25D0CA130098A309 /* Debug */,
				F9C497FB25D0CA130098A309 /* Release */,
			);
			defaultConfigurationIsVisible = 0;
			defaultConfigurationName = Release;
		};
		F9C497FC25D0CA130098A309 /* Build configuration list for PBXNativeTarget "Unsplashrimp" */ = {
			isa = XCConfigurationList;
			buildConfigurations = (
				F9C497FD25D0CA130098A309 /* Debug */,
				F9C497FE25D0CA130098A309 /* Release */,
			);
			defaultConfigurationIsVisible = 0;
			defaultConfigurationName = Release;
		};
		F9C497FF25D0CA130098A309 /* Build configuration list for PBXNativeTarget "UnsplashrimpTests" */ = {
			isa = XCConfigurationList;
			buildConfigurations = (
				F9C4980025D0CA130098A309 /* Debug */,
				F9C4980125D0CA130098A309 /* Release */,
			);
			defaultConfigurationIsVisible = 0;
			defaultConfigurationName = Release;
		};
		F9C4980225D0CA130098A309 /* Build configuration list for PBXNativeTarget "UnsplashrimpUITests" */ = {
			isa = XCConfigurationList;
			buildConfigurations = (
				F9C4980325D0CA130098A309 /* Debug */,
				F9C4980425D0CA130098A309 /* Release */,
			);
			defaultConfigurationIsVisible = 0;
			defaultConfigurationName = Release;
		};
/* End XCConfigurationList section */
	};
	rootObject = F9C497CA25D0CA110098A309 /* Project object */;
}
